// !$*UTF8*$!
{
	archiveVersion = 1;
	classes = {
	};
	objectVersion = 48;
	objects = {

/* Begin PBXBuildFile section */
		B4105247201252CE000C1196 /* MRVideoFrame.m in Sources */ = {isa = PBXBuildFile; fileRef = B4105246201252CE000C1196 /* MRVideoFrame.m */; };
		B47AAC382039C110001255C9 /* libavutil.a in Frameworks */ = {isa = PBXBuildFile; fileRef = B47AAC312039C110001255C9 /* libavutil.a */; };
		B47AAC392039C110001255C9 /* libavfilter.a in Frameworks */ = {isa = PBXBuildFile; fileRef = B47AAC322039C110001255C9 /* libavfilter.a */; };
		B47AAC3A2039C110001255C9 /* libavcodec.a in Frameworks */ = {isa = PBXBuildFile; fileRef = B47AAC332039C110001255C9 /* libavcodec.a */; };
		B47AAC3B2039C110001255C9 /* libavformat.a in Frameworks */ = {isa = PBXBuildFile; fileRef = B47AAC342039C110001255C9 /* libavformat.a */; };
		B47AAC3C2039C110001255C9 /* libavdevice.a in Frameworks */ = {isa = PBXBuildFile; fileRef = B47AAC352039C110001255C9 /* libavdevice.a */; };
		B47AAC3D2039C110001255C9 /* libswresample.a in Frameworks */ = {isa = PBXBuildFile; fileRef = B47AAC362039C110001255C9 /* libswresample.a */; };
		B47AAC3E2039C110001255C9 /* libswscale.a in Frameworks */ = {isa = PBXBuildFile; fileRef = B47AAC372039C110001255C9 /* libswscale.a */; };
		B4DFC8D92001284C00FB3209 /* NSTimer+Util.m in Sources */ = {isa = PBXBuildFile; fileRef = B4DFC8D82001284C00FB3209 /* NSTimer+Util.m */; };
		B4FA67E6202DFB6800A6A120 /* OpenGLView20.mm in Sources */ = {isa = PBXBuildFile; fileRef = B4FA67E4202DFB6800A6A120 /* OpenGLView20.mm */; };
		B4FA67E9202DFE5000A6A120 /* MRVideoPlayer.m in Sources */ = {isa = PBXBuildFile; fileRef = B4FA67E7202DFE5000A6A120 /* MRVideoPlayer.m */; };
		DD8AF2751F6F6DD4002B2DAB /* AppDelegate.m in Sources */ = {isa = PBXBuildFile; fileRef = DD8AF2741F6F6DD4002B2DAB /* AppDelegate.m */; };
		DD8AF2781F6F6DD4002B2DAB /* ViewController.m in Sources */ = {isa = PBXBuildFile; fileRef = DD8AF2771F6F6DD4002B2DAB /* ViewController.m */; };
		DD8AF27B1F6F6DD4002B2DAB /* Main.storyboard in Resources */ = {isa = PBXBuildFile; fileRef = DD8AF2791F6F6DD4002B2DAB /* Main.storyboard */; };
		DD8AF27D1F6F6DD4002B2DAB /* Assets.xcassets in Resources */ = {isa = PBXBuildFile; fileRef = DD8AF27C1F6F6DD4002B2DAB /* Assets.xcassets */; };
		DD8AF2801F6F6DD4002B2DAB /* LaunchScreen.storyboard in Resources */ = {isa = PBXBuildFile; fileRef = DD8AF27E1F6F6DD4002B2DAB /* LaunchScreen.storyboard */; };
		DD8AF2831F6F6DD4002B2DAB /* main.m in Sources */ = {isa = PBXBuildFile; fileRef = DD8AF2821F6F6DD4002B2DAB /* main.m */; };
		DD8AF61B1F70E26E002B2DAB /* libz.tbd in Frameworks */ = {isa = PBXBuildFile; fileRef = DD8AF61A1F70E26E002B2DAB /* libz.tbd */; };
		DD8AF61D1F70E277002B2DAB /* libbz2.tbd in Frameworks */ = {isa = PBXBuildFile; fileRef = DD8AF61C1F70E277002B2DAB /* libbz2.tbd */; };
		DD8AF61F1F70E281002B2DAB /* libiconv.tbd in Frameworks */ = {isa = PBXBuildFile; fileRef = DD8AF61E1F70E281002B2DAB /* libiconv.tbd */; };
		DD8AF6211F70E2BF002B2DAB /* VideoToolbox.framework in Frameworks */ = {isa = PBXBuildFile; fileRef = DD8AF6201F70E2BF002B2DAB /* VideoToolbox.framework */; };
		DD8AF6231F70E2D4002B2DAB /* CoreMedia.framework in Frameworks */ = {isa = PBXBuildFile; fileRef = DD8AF6221F70E2D4002B2DAB /* CoreMedia.framework */; };
		DD8AF6251F70E2DF002B2DAB /* AudioToolbox.framework in Frameworks */ = {isa = PBXBuildFile; fileRef = DD8AF6241F70E2DF002B2DAB /* AudioToolbox.framework */; };
/* End PBXBuildFile section */

/* Begin PBXFileReference section */
		B4105245201252CE000C1196 /* MRVideoFrame.h */ = {isa = PBXFileReference; lastKnownFileType = sourcecode.c.h; path = MRVideoFrame.h; sourceTree = "<group>"; };
		B4105246201252CE000C1196 /* MRVideoFrame.m */ = {isa = PBXFileReference; lastKnownFileType = sourcecode.c.objc; path = MRVideoFrame.m; sourceTree = "<group>"; };
		B47AABC620399184001255C9 /* FFmpegConfig.xcconfig */ = {isa = PBXFileReference; fileEncoding = 4; lastKnownFileType = text.xcconfig; path = FFmpegConfig.xcconfig; sourceTree = "<group>"; };
		B47AABCB2039C110001255C9 /* avcodec.h */ = {isa = PBXFileReference; fileEncoding = 4; lastKnownFileType = sourcecode.c.h; path = avcodec.h; sourceTree = "<group>"; };
		B47AABCC2039C110001255C9 /* version.h */ = {isa = PBXFileReference; fileEncoding = 4; lastKnownFileType = sourcecode.c.h; path = version.h; sourceTree = "<group>"; };
		B47AABCD2039C110001255C9 /* buffersrc.h */ = {isa = PBXFileReference; fileEncoding = 4; lastKnownFileType = sourcecode.c.h; path = buffersrc.h; sourceTree = "<group>"; };
		B47AABCE2039C110001255C9 /* asrc_abuffer.h */ = {isa = PBXFileReference; fileEncoding = 4; lastKnownFileType = sourcecode.c.h; path = asrc_abuffer.h; sourceTree = "<group>"; };
		B47AABCF2039C110001255C9 /* buffersink.h */ = {isa = PBXFileReference; fileEncoding = 4; lastKnownFileType = sourcecode.c.h; path = buffersink.h; sourceTree = "<group>"; };
		B47AABD02039C110001255C9 /* avfilter.h */ = {isa = PBXFileReference; fileEncoding = 4; lastKnownFileType = sourcecode.c.h; path = avfilter.h; sourceTree = "<group>"; };
		B47AABD12039C110001255C9 /* avfiltergraph.h */ = {isa = PBXFileReference; fileEncoding = 4; lastKnownFileType = sourcecode.c.h; path = avfiltergraph.h; sourceTree = "<group>"; };
		B47AABD32039C110001255C9 /* time.h */ = {isa = PBXFileReference; fileEncoding = 4; lastKnownFileType = sourcecode.c.h; path = time.h; sourceTree = "<group>"; };
		B47AABD42039C110001255C9 /* intfloat.h */ = {isa = PBXFileReference; fileEncoding = 4; lastKnownFileType = sourcecode.c.h; path = intfloat.h; sourceTree = "<group>"; };
		B47AABD52039C110001255C9 /* error.h */ = {isa = PBXFileReference; fileEncoding = 4; lastKnownFileType = sourcecode.c.h; path = error.h; sourceTree = "<group>"; };
		B47AABD62039C110001255C9 /* fifo.h */ = {isa = PBXFileReference; fileEncoding = 4; lastKnownFileType = sourcecode.c.h; path = fifo.h; sourceTree = "<group>"; };
		B47AABD72039C110001255C9 /* blowfish.h */ = {isa = PBXFileReference; fileEncoding = 4; lastKnownFileType = sourcecode.c.h; path = blowfish.h; sourceTree = "<group>"; };
		B47AABD82039C110001255C9 /* replaygain.h */ = {isa = PBXFileReference; fileEncoding = 4; lastKnownFileType = sourcecode.c.h; path = replaygain.h; sourceTree = "<group>"; };
		B47AABD92039C110001255C9 /* version.h */ = {isa = PBXFileReference; fileEncoding = 4; lastKnownFileType = sourcecode.c.h; path = version.h; sourceTree = "<group>"; };
		B47AABDA2039C110001255C9 /* murmur3.h */ = {isa = PBXFileReference; fileEncoding = 4; lastKnownFileType = sourcecode.c.h; path = murmur3.h; sourceTree = "<group>"; };
		B47AABDB2039C110001255C9 /* stereo3d.h */ = {isa = PBXFileReference; fileEncoding = 4; lastKnownFileType = sourcecode.c.h; path = stereo3d.h; sourceTree = "<group>"; };
		B47AABDC2039C110001255C9 /* samplefmt.h */ = {isa = PBXFileReference; fileEncoding = 4; lastKnownFileType = sourcecode.c.h; path = samplefmt.h; sourceTree = "<group>"; };
		B47AABDD2039C110001255C9 /* pixdesc.h */ = {isa = PBXFileReference; fileEncoding = 4; lastKnownFileType = sourcecode.c.h; path = pixdesc.h; sourceTree = "<group>"; };
		B47AABDE2039C110001255C9 /* base64.h */ = {isa = PBXFileReference; fileEncoding = 4; lastKnownFileType = sourcecode.c.h; path = base64.h; sourceTree = "<group>"; };
		B47AABDF2039C110001255C9 /* rational.h */ = {isa = PBXFileReference; fileEncoding = 4; lastKnownFileType = sourcecode.c.h; path = rational.h; sourceTree = "<group>"; };
		B47AABE02039C110001255C9 /* sha.h */ = {isa = PBXFileReference; fileEncoding = 4; lastKnownFileType = sourcecode.c.h; path = sha.h; sourceTree = "<group>"; };
		B47AABE12039C110001255C9 /* motion_vector.h */ = {isa = PBXFileReference; fileEncoding = 4; lastKnownFileType = sourcecode.c.h; path = motion_vector.h; sourceTree = "<group>"; };
		B47AABE22039C110001255C9 /* avconfig.h */ = {isa = PBXFileReference; fileEncoding = 4; lastKnownFileType = sourcecode.c.h; path = avconfig.h; sourceTree = "<group>"; };
		B47AABE32039C110001255C9 /* lfg.h */ = {isa = PBXFileReference; fileEncoding = 4; lastKnownFileType = sourcecode.c.h; path = lfg.h; sourceTree = "<group>"; };
		B47AABE42039C110001255C9 /* avutil.h */ = {isa = PBXFileReference; fileEncoding = 4; lastKnownFileType = sourcecode.c.h; path = avutil.h; sourceTree = "<group>"; };
		B47AABE52039C110001255C9 /* xtea.h */ = {isa = PBXFileReference; fileEncoding = 4; lastKnownFileType = sourcecode.c.h; path = xtea.h; sourceTree = "<group>"; };
		B47AABE62039C110001255C9 /* crc.h */ = {isa = PBXFileReference; fileEncoding = 4; lastKnownFileType = sourcecode.c.h; path = crc.h; sourceTree = "<group>"; };
		B47AABE72039C110001255C9 /* frame.h */ = {isa = PBXFileReference; fileEncoding = 4; lastKnownFileType = sourcecode.c.h; path = frame.h; sourceTree = "<group>"; };
		B47AABE82039C110001255C9 /* file.h */ = {isa = PBXFileReference; fileEncoding = 4; lastKnownFileType = sourcecode.c.h; path = file.h; sourceTree = "<group>"; };
		B47AABE92039C110001255C9 /* md5.h */ = {isa = PBXFileReference; fileEncoding = 4; lastKnownFileType = sourcecode.c.h; path = md5.h; sourceTree = "<group>"; };
		B47AABEA2039C110001255C9 /* cast5.h */ = {isa = PBXFileReference; fileEncoding = 4; lastKnownFileType = sourcecode.c.h; path = cast5.h; sourceTree = "<group>"; };
		B47AABEB2039C110001255C9 /* ffversion.h */ = {isa = PBXFileReference; fileEncoding = 4; lastKnownFileType = sourcecode.c.h; path = ffversion.h; sourceTree = "<group>"; };
		B47AABEC2039C110001255C9 /* audio_fifo.h */ = {isa = PBXFileReference; fileEncoding = 4; lastKnownFileType = sourcecode.c.h; path = audio_fifo.h; sourceTree = "<group>"; };
		B47AABED2039C110001255C9 /* threadmessage.h */ = {isa = PBXFileReference; fileEncoding = 4; lastKnownFileType = sourcecode.c.h; path = threadmessage.h; sourceTree = "<group>"; };
		B47AABEE2039C110001255C9 /* attributes.h */ = {isa = PBXFileReference; fileEncoding = 4; lastKnownFileType = sourcecode.c.h; path = attributes.h; sourceTree = "<group>"; };
		B47AABEF2039C110001255C9 /* adler32.h */ = {isa = PBXFileReference; fileEncoding = 4; lastKnownFileType = sourcecode.c.h; path = adler32.h; sourceTree = "<group>"; };
		B47AABF02039C110001255C9 /* timecode.h */ = {isa = PBXFileReference; fileEncoding = 4; lastKnownFileType = sourcecode.c.h; path = timecode.h; sourceTree = "<group>"; };
		B47AABF12039C110001255C9 /* sha512.h */ = {isa = PBXFileReference; fileEncoding = 4; lastKnownFileType = sourcecode.c.h; path = sha512.h; sourceTree = "<group>"; };
		B47AABF22039C110001255C9 /* display.h */ = {isa = PBXFileReference; fileEncoding = 4; lastKnownFileType = sourcecode.c.h; path = display.h; sourceTree = "<group>"; };
		B47AABF32039C110001255C9 /* buffer.h */ = {isa = PBXFileReference; fileEncoding = 4; lastKnownFileType = sourcecode.c.h; path = buffer.h; sourceTree = "<group>"; };
		B47AABF42039C110001255C9 /* camellia.h */ = {isa = PBXFileReference; fileEncoding = 4; lastKnownFileType = sourcecode.c.h; path = camellia.h; sourceTree = "<group>"; };
		B47AABF52039C110001255C9 /* pixelutils.h */ = {isa = PBXFileReference; fileEncoding = 4; lastKnownFileType = sourcecode.c.h; path = pixelutils.h; sourceTree = "<group>"; };
		B47AABF62039C110001255C9 /* common.h */ = {isa = PBXFileReference; fileEncoding = 4; lastKnownFileType = sourcecode.c.h; path = common.h; sourceTree = "<group>"; };
		B47AABF72039C110001255C9 /* hmac.h */ = {isa = PBXFileReference; fileEncoding = 4; lastKnownFileType = sourcecode.c.h; path = hmac.h; sourceTree = "<group>"; };
		B47AABF82039C110001255C9 /* eval.h */ = {isa = PBXFileReference; fileEncoding = 4; lastKnownFileType = sourcecode.c.h; path = eval.h; sourceTree = "<group>"; };
		B47AABF92039C110001255C9 /* dict.h */ = {isa = PBXFileReference; fileEncoding = 4; lastKnownFileType = sourcecode.c.h; path = dict.h; sourceTree = "<group>"; };
		B47AABFA2039C110001255C9 /* random_seed.h */ = {isa = PBXFileReference; fileEncoding = 4; lastKnownFileType = sourcecode.c.h; path = random_seed.h; sourceTree = "<group>"; };
		B47AABFB2039C110001255C9 /* opt.h */ = {isa = PBXFileReference; fileEncoding = 4; lastKnownFileType = sourcecode.c.h; path = opt.h; sourceTree = "<group>"; };
		B47AABFC2039C110001255C9 /* log.h */ = {isa = PBXFileReference; fileEncoding = 4; lastKnownFileType = sourcecode.c.h; path = log.h; sourceTree = "<group>"; };
		B47AABFD2039C110001255C9 /* aes.h */ = {isa = PBXFileReference; fileEncoding = 4; lastKnownFileType = sourcecode.c.h; path = aes.h; sourceTree = "<group>"; };
		B47AABFE2039C110001255C9 /* macros.h */ = {isa = PBXFileReference; fileEncoding = 4; lastKnownFileType = sourcecode.c.h; path = macros.h; sourceTree = "<group>"; };
		B47AABFF2039C110001255C9 /* bswap.h */ = {isa = PBXFileReference; fileEncoding = 4; lastKnownFileType = sourcecode.c.h; path = bswap.h; sourceTree = "<group>"; };
		B47AAC002039C110001255C9 /* old_pix_fmts.h */ = {isa = PBXFileReference; fileEncoding = 4; lastKnownFileType = sourcecode.c.h; path = old_pix_fmts.h; sourceTree = "<group>"; };
		B47AAC012039C110001255C9 /* tea.h */ = {isa = PBXFileReference; fileEncoding = 4; lastKnownFileType = sourcecode.c.h; path = tea.h; sourceTree = "<group>"; };
		B47AAC022039C110001255C9 /* cpu.h */ = {isa = PBXFileReference; fileEncoding = 4; lastKnownFileType = sourcecode.c.h; path = cpu.h; sourceTree = "<group>"; };
		B47AAC032039C110001255C9 /* audioconvert.h */ = {isa = PBXFileReference; fileEncoding = 4; lastKnownFileType = sourcecode.c.h; path = audioconvert.h; sourceTree = "<group>"; };
		B47AAC042039C110001255C9 /* lzo.h */ = {isa = PBXFileReference; fileEncoding = 4; lastKnownFileType = sourcecode.c.h; path = lzo.h; sourceTree = "<group>"; };
		B47AAC052039C110001255C9 /* channel_layout.h */ = {isa = PBXFileReference; fileEncoding = 4; lastKnownFileType = sourcecode.c.h; path = channel_layout.h; sourceTree = "<group>"; };
		B47AAC062039C110001255C9 /* twofish.h */ = {isa = PBXFileReference; fileEncoding = 4; lastKnownFileType = sourcecode.c.h; path = twofish.h; sourceTree = "<group>"; };
		B47AAC072039C110001255C9 /* imgutils.h */ = {isa = PBXFileReference; fileEncoding = 4; lastKnownFileType = sourcecode.c.h; path = imgutils.h; sourceTree = "<group>"; };
		B47AAC082039C110001255C9 /* mem.h */ = {isa = PBXFileReference; fileEncoding = 4; lastKnownFileType = sourcecode.c.h; path = mem.h; sourceTree = "<group>"; };
		B47AAC092039C110001255C9 /* parseutils.h */ = {isa = PBXFileReference; fileEncoding = 4; lastKnownFileType = sourcecode.c.h; path = parseutils.h; sourceTree = "<group>"; };
		B47AAC0A2039C110001255C9 /* ripemd.h */ = {isa = PBXFileReference; fileEncoding = 4; lastKnownFileType = sourcecode.c.h; path = ripemd.h; sourceTree = "<group>"; };
		B47AAC0B2039C110001255C9 /* bprint.h */ = {isa = PBXFileReference; fileEncoding = 4; lastKnownFileType = sourcecode.c.h; path = bprint.h; sourceTree = "<group>"; };
		B47AAC0C2039C110001255C9 /* pixfmt.h */ = {isa = PBXFileReference; fileEncoding = 4; lastKnownFileType = sourcecode.c.h; path = pixfmt.h; sourceTree = "<group>"; };
		B47AAC0D2039C110001255C9 /* timestamp.h */ = {isa = PBXFileReference; fileEncoding = 4; lastKnownFileType = sourcecode.c.h; path = timestamp.h; sourceTree = "<group>"; };
		B47AAC0E2039C110001255C9 /* downmix_info.h */ = {isa = PBXFileReference; fileEncoding = 4; lastKnownFileType = sourcecode.c.h; path = downmix_info.h; sourceTree = "<group>"; };
		B47AAC0F2039C110001255C9 /* avassert.h */ = {isa = PBXFileReference; fileEncoding = 4; lastKnownFileType = sourcecode.c.h; path = avassert.h; sourceTree = "<group>"; };
		B47AAC102039C110001255C9 /* hash.h */ = {isa = PBXFileReference; fileEncoding = 4; lastKnownFileType = sourcecode.c.h; path = hash.h; sourceTree = "<group>"; };
		B47AAC112039C110001255C9 /* mathematics.h */ = {isa = PBXFileReference; fileEncoding = 4; lastKnownFileType = sourcecode.c.h; path = mathematics.h; sourceTree = "<group>"; };
		B47AAC122039C110001255C9 /* intreadwrite.h */ = {isa = PBXFileReference; fileEncoding = 4; lastKnownFileType = sourcecode.c.h; path = intreadwrite.h; sourceTree = "<group>"; };
		B47AAC132039C110001255C9 /* avstring.h */ = {isa = PBXFileReference; fileEncoding = 4; lastKnownFileType = sourcecode.c.h; path = avstring.h; sourceTree = "<group>"; };
		B47AAC152039C110001255C9 /* version.h */ = {isa = PBXFileReference; fileEncoding = 4; lastKnownFileType = sourcecode.c.h; path = version.h; sourceTree = "<group>"; };
		B47AAC162039C110001255C9 /* avdevice.h */ = {isa = PBXFileReference; fileEncoding = 4; lastKnownFileType = sourcecode.c.h; path = avdevice.h; sourceTree = "<group>"; };
		B47AAC182039C110001255C9 /* version.h */ = {isa = PBXFileReference; fileEncoding = 4; lastKnownFileType = sourcecode.c.h; path = version.h; sourceTree = "<group>"; };
		B47AAC192039C110001255C9 /* avio.h */ = {isa = PBXFileReference; fileEncoding = 4; lastKnownFileType = sourcecode.c.h; path = avio.h; sourceTree = "<group>"; };
		B47AAC1A2039C110001255C9 /* avformat.h */ = {isa = PBXFileReference; fileEncoding = 4; lastKnownFileType = sourcecode.c.h; path = avformat.h; sourceTree = "<group>"; };
		B47AAC1C2039C110001255C9 /* version.h */ = {isa = PBXFileReference; fileEncoding = 4; lastKnownFileType = sourcecode.c.h; path = version.h; sourceTree = "<group>"; };
		B47AAC1D2039C110001255C9 /* swscale.h */ = {isa = PBXFileReference; fileEncoding = 4; lastKnownFileType = sourcecode.c.h; path = swscale.h; sourceTree = "<group>"; };
		B47AAC1F2039C110001255C9 /* avcodec.h */ = {isa = PBXFileReference; fileEncoding = 4; lastKnownFileType = sourcecode.c.h; path = avcodec.h; sourceTree = "<group>"; };
		B47AAC202039C110001255C9 /* version.h */ = {isa = PBXFileReference; fileEncoding = 4; lastKnownFileType = sourcecode.c.h; path = version.h; sourceTree = "<group>"; };
		B47AAC212039C110001255C9 /* vdpau.h */ = {isa = PBXFileReference; fileEncoding = 4; lastKnownFileType = sourcecode.c.h; path = vdpau.h; sourceTree = "<group>"; };
		B47AAC222039C110001255C9 /* qsv.h */ = {isa = PBXFileReference; fileEncoding = 4; lastKnownFileType = sourcecode.c.h; path = qsv.h; sourceTree = "<group>"; };
		B47AAC232039C110001255C9 /* vaapi.h */ = {isa = PBXFileReference; fileEncoding = 4; lastKnownFileType = sourcecode.c.h; path = vaapi.h; sourceTree = "<group>"; };
		B47AAC242039C110001255C9 /* videotoolbox.h */ = {isa = PBXFileReference; fileEncoding = 4; lastKnownFileType = sourcecode.c.h; path = videotoolbox.h; sourceTree = "<group>"; };
		B47AAC252039C110001255C9 /* xvmc.h */ = {isa = PBXFileReference; fileEncoding = 4; lastKnownFileType = sourcecode.c.h; path = xvmc.h; sourceTree = "<group>"; };
		B47AAC262039C110001255C9 /* d3d11va.h */ = {isa = PBXFileReference; fileEncoding = 4; lastKnownFileType = sourcecode.c.h; path = d3d11va.h; sourceTree = "<group>"; };
		B47AAC272039C110001255C9 /* avfft.h */ = {isa = PBXFileReference; fileEncoding = 4; lastKnownFileType = sourcecode.c.h; path = avfft.h; sourceTree = "<group>"; };
		B47AAC282039C110001255C9 /* vda.h */ = {isa = PBXFileReference; fileEncoding = 4; lastKnownFileType = sourcecode.c.h; path = vda.h; sourceTree = "<group>"; };
		B47AAC292039C110001255C9 /* vorbis_parser.h */ = {isa = PBXFileReference; fileEncoding = 4; lastKnownFileType = sourcecode.c.h; path = vorbis_parser.h; sourceTree = "<group>"; };
		B47AAC2A2039C110001255C9 /* dxva2.h */ = {isa = PBXFileReference; fileEncoding = 4; lastKnownFileType = sourcecode.c.h; path = dxva2.h; sourceTree = "<group>"; };
		B47AAC2B2039C110001255C9 /* dv_profile.h */ = {isa = PBXFileReference; fileEncoding = 4; lastKnownFileType = sourcecode.c.h; path = dv_profile.h; sourceTree = "<group>"; };
		B47AAC2C2039C110001255C9 /* old_codec_ids.h */ = {isa = PBXFileReference; fileEncoding = 4; lastKnownFileType = sourcecode.c.h; path = old_codec_ids.h; sourceTree = "<group>"; };
		B47AAC2E2039C110001255C9 /* version.h */ = {isa = PBXFileReference; fileEncoding = 4; lastKnownFileType = sourcecode.c.h; path = version.h; sourceTree = "<group>"; };
		B47AAC2F2039C110001255C9 /* swresample.h */ = {isa = PBXFileReference; fileEncoding = 4; lastKnownFileType = sourcecode.c.h; path = swresample.h; sourceTree = "<group>"; };
		B47AAC312039C110001255C9 /* libavutil.a */ = {isa = PBXFileReference; lastKnownFileType = archive.ar; path = libavutil.a; sourceTree = "<group>"; };
		B47AAC322039C110001255C9 /* libavfilter.a */ = {isa = PBXFileReference; lastKnownFileType = archive.ar; path = libavfilter.a; sourceTree = "<group>"; };
		B47AAC332039C110001255C9 /* libavcodec.a */ = {isa = PBXFileReference; lastKnownFileType = archive.ar; path = libavcodec.a; sourceTree = "<group>"; };
		B47AAC342039C110001255C9 /* libavformat.a */ = {isa = PBXFileReference; lastKnownFileType = archive.ar; path = libavformat.a; sourceTree = "<group>"; };
		B47AAC352039C110001255C9 /* libavdevice.a */ = {isa = PBXFileReference; lastKnownFileType = archive.ar; path = libavdevice.a; sourceTree = "<group>"; };
		B47AAC362039C110001255C9 /* libswresample.a */ = {isa = PBXFileReference; lastKnownFileType = archive.ar; path = libswresample.a; sourceTree = "<group>"; };
		B47AAC372039C110001255C9 /* libswscale.a */ = {isa = PBXFileReference; lastKnownFileType = archive.ar; path = libswscale.a; sourceTree = "<group>"; };
		B4DFC8D72001284C00FB3209 /* NSTimer+Util.h */ = {isa = PBXFileReference; fileEncoding = 4; lastKnownFileType = sourcecode.c.h; path = "NSTimer+Util.h"; sourceTree = "<group>"; };
		B4DFC8D82001284C00FB3209 /* NSTimer+Util.m */ = {isa = PBXFileReference; fileEncoding = 4; lastKnownFileType = sourcecode.c.objc; path = "NSTimer+Util.m"; sourceTree = "<group>"; };
		B4FA67E4202DFB6800A6A120 /* OpenGLView20.mm */ = {isa = PBXFileReference; fileEncoding = 4; lastKnownFileType = sourcecode.cpp.objcpp; path = OpenGLView20.mm; sourceTree = "<group>"; };
		B4FA67E5202DFB6800A6A120 /* OpenGLView20.h */ = {isa = PBXFileReference; fileEncoding = 4; lastKnownFileType = sourcecode.c.h; path = OpenGLView20.h; sourceTree = "<group>"; };
		B4FA67E7202DFE5000A6A120 /* MRVideoPlayer.m */ = {isa = PBXFileReference; fileEncoding = 4; lastKnownFileType = sourcecode.c.objc; path = MRVideoPlayer.m; sourceTree = "<group>"; };
		B4FA67E8202DFE5000A6A120 /* MRVideoPlayer.h */ = {isa = PBXFileReference; fileEncoding = 4; lastKnownFileType = sourcecode.c.h; path = MRVideoPlayer.h; sourceTree = "<group>"; };
		DD8AF2701F6F6DD4002B2DAB /* FFmpeg007.app */ = {isa = PBXFileReference; explicitFileType = wrapper.application; includeInIndex = 0; path = FFmpeg007.app; sourceTree = BUILT_PRODUCTS_DIR; };
		DD8AF2731F6F6DD4002B2DAB /* AppDelegate.h */ = {isa = PBXFileReference; lastKnownFileType = sourcecode.c.h; path = AppDelegate.h; sourceTree = "<group>"; };
		DD8AF2741F6F6DD4002B2DAB /* AppDelegate.m */ = {isa = PBXFileReference; lastKnownFileType = sourcecode.c.objc; path = AppDelegate.m; sourceTree = "<group>"; };
		DD8AF2761F6F6DD4002B2DAB /* ViewController.h */ = {isa = PBXFileReference; lastKnownFileType = sourcecode.c.h; path = ViewController.h; sourceTree = "<group>"; };
		DD8AF2771F6F6DD4002B2DAB /* ViewController.m */ = {isa = PBXFileReference; lastKnownFileType = sourcecode.c.objc; path = ViewController.m; sourceTree = "<group>"; };
		DD8AF27A1F6F6DD4002B2DAB /* Base */ = {isa = PBXFileReference; lastKnownFileType = file.storyboard; name = Base; path = Base.lproj/Main.storyboard; sourceTree = "<group>"; };
		DD8AF27C1F6F6DD4002B2DAB /* Assets.xcassets */ = {isa = PBXFileReference; lastKnownFileType = folder.assetcatalog; name = Assets.xcassets; path = ../../Assets.xcassets; sourceTree = "<group>"; };
		DD8AF27F1F6F6DD4002B2DAB /* Base */ = {isa = PBXFileReference; lastKnownFileType = file.storyboard; name = Base; path = Base.lproj/LaunchScreen.storyboard; sourceTree = "<group>"; };
		DD8AF2811F6F6DD4002B2DAB /* Info.plist */ = {isa = PBXFileReference; lastKnownFileType = text.plist.xml; path = Info.plist; sourceTree = "<group>"; };
		DD8AF2821F6F6DD4002B2DAB /* main.m */ = {isa = PBXFileReference; lastKnownFileType = sourcecode.c.objc; path = main.m; sourceTree = "<group>"; };
		DD8AF61A1F70E26E002B2DAB /* libz.tbd */ = {isa = PBXFileReference; lastKnownFileType = "sourcecode.text-based-dylib-definition"; name = libz.tbd; path = usr/lib/libz.tbd; sourceTree = SDKROOT; };
		DD8AF61C1F70E277002B2DAB /* libbz2.tbd */ = {isa = PBXFileReference; lastKnownFileType = "sourcecode.text-based-dylib-definition"; name = libbz2.tbd; path = usr/lib/libbz2.tbd; sourceTree = SDKROOT; };
		DD8AF61E1F70E281002B2DAB /* libiconv.tbd */ = {isa = PBXFileReference; lastKnownFileType = "sourcecode.text-based-dylib-definition"; name = libiconv.tbd; path = usr/lib/libiconv.tbd; sourceTree = SDKROOT; };
		DD8AF6201F70E2BF002B2DAB /* VideoToolbox.framework */ = {isa = PBXFileReference; lastKnownFileType = wrapper.framework; name = VideoToolbox.framework; path = System/Library/Frameworks/VideoToolbox.framework; sourceTree = SDKROOT; };
		DD8AF6221F70E2D4002B2DAB /* CoreMedia.framework */ = {isa = PBXFileReference; lastKnownFileType = wrapper.framework; name = CoreMedia.framework; path = System/Library/Frameworks/CoreMedia.framework; sourceTree = SDKROOT; };
		DD8AF6241F70E2DF002B2DAB /* AudioToolbox.framework */ = {isa = PBXFileReference; lastKnownFileType = wrapper.framework; name = AudioToolbox.framework; path = System/Library/Frameworks/AudioToolbox.framework; sourceTree = SDKROOT; };
/* End PBXFileReference section */

/* Begin PBXFrameworksBuildPhase section */
		DD8AF26D1F6F6DD4002B2DAB /* Frameworks */ = {
			isa = PBXFrameworksBuildPhase;
			buildActionMask = 2147483647;
			files = (
				B47AAC392039C110001255C9 /* libavfilter.a in Frameworks */,
				DD8AF6251F70E2DF002B2DAB /* AudioToolbox.framework in Frameworks */,
				DD8AF6231F70E2D4002B2DAB /* CoreMedia.framework in Frameworks */,
				B47AAC3B2039C110001255C9 /* libavformat.a in Frameworks */,
				B47AAC3D2039C110001255C9 /* libswresample.a in Frameworks */,
				DD8AF6211F70E2BF002B2DAB /* VideoToolbox.framework in Frameworks */,
				DD8AF61F1F70E281002B2DAB /* libiconv.tbd in Frameworks */,
				B47AAC382039C110001255C9 /* libavutil.a in Frameworks */,
				DD8AF61D1F70E277002B2DAB /* libbz2.tbd in Frameworks */,
				B47AAC3C2039C110001255C9 /* libavdevice.a in Frameworks */,
				B47AAC3E2039C110001255C9 /* libswscale.a in Frameworks */,
				DD8AF61B1F70E26E002B2DAB /* libz.tbd in Frameworks */,
				B47AAC3A2039C110001255C9 /* libavcodec.a in Frameworks */,
			);
			runOnlyForDeploymentPostprocessing = 0;
		};
/* End PBXFrameworksBuildPhase section */

/* Begin PBXGroup section */
		B4105241201245FD000C1196 /* VideoPlayer */ = {
			isa = PBXGroup;
			children = (
				B4FA67E8202DFE5000A6A120 /* MRVideoPlayer.h */,
				B4FA67E7202DFE5000A6A120 /* MRVideoPlayer.m */,
				B4FA67E5202DFB6800A6A120 /* OpenGLView20.h */,
				B4FA67E4202DFB6800A6A120 /* OpenGLView20.mm */,
				B4DFC8D72001284C00FB3209 /* NSTimer+Util.h */,
				B4DFC8D82001284C00FB3209 /* NSTimer+Util.m */,
				B4105245201252CE000C1196 /* MRVideoFrame.h */,
				B4105246201252CE000C1196 /* MRVideoFrame.m */,
			);
			path = VideoPlayer;
			sourceTree = "<group>";
		};
		B47AABC82039C110001255C9 /* FFmpeg-2.8.2 */ = {
			isa = PBXGroup;
			children = (
				B47AABC92039C110001255C9 /* include */,
				B47AAC302039C110001255C9 /* lib */,
			);
			name = "FFmpeg-2.8.2";
			path = "../FFmpeg/FFmpeg-2.8.2";
			sourceTree = "<group>";
		};
		B47AABC92039C110001255C9 /* include */ = {
			isa = PBXGroup;
			children = (
				B47AABCA2039C110001255C9 /* libavfilter */,
				B47AABD22039C110001255C9 /* libavutil */,
				B47AAC142039C110001255C9 /* libavdevice */,
				B47AAC172039C110001255C9 /* libavformat */,
				B47AAC1B2039C110001255C9 /* libswscale */,
				B47AAC1E2039C110001255C9 /* libavcodec */,
				B47AAC2D2039C110001255C9 /* libswresample */,
			);
			path = include;
			sourceTree = "<group>";
		};
		B47AABCA2039C110001255C9 /* libavfilter */ = {
			isa = PBXGroup;
			children = (
				B47AABCB2039C110001255C9 /* avcodec.h */,
				B47AABCC2039C110001255C9 /* version.h */,
				B47AABCD2039C110001255C9 /* buffersrc.h */,
				B47AABCE2039C110001255C9 /* asrc_abuffer.h */,
				B47AABCF2039C110001255C9 /* buffersink.h */,
				B47AABD02039C110001255C9 /* avfilter.h */,
				B47AABD12039C110001255C9 /* avfiltergraph.h */,
			);
			path = libavfilter;
			sourceTree = "<group>";
		};
		B47AABD22039C110001255C9 /* libavutil */ = {
			isa = PBXGroup;
			children = (
				B47AABD32039C110001255C9 /* time.h */,
				B47AABD42039C110001255C9 /* intfloat.h */,
				B47AABD52039C110001255C9 /* error.h */,
				B47AABD62039C110001255C9 /* fifo.h */,
				B47AABD72039C110001255C9 /* blowfish.h */,
				B47AABD82039C110001255C9 /* replaygain.h */,
				B47AABD92039C110001255C9 /* version.h */,
				B47AABDA2039C110001255C9 /* murmur3.h */,
				B47AABDB2039C110001255C9 /* stereo3d.h */,
				B47AABDC2039C110001255C9 /* samplefmt.h */,
				B47AABDD2039C110001255C9 /* pixdesc.h */,
				B47AABDE2039C110001255C9 /* base64.h */,
				B47AABDF2039C110001255C9 /* rational.h */,
				B47AABE02039C110001255C9 /* sha.h */,
				B47AABE12039C110001255C9 /* motion_vector.h */,
				B47AABE22039C110001255C9 /* avconfig.h */,
				B47AABE32039C110001255C9 /* lfg.h */,
				B47AABE42039C110001255C9 /* avutil.h */,
				B47AABE52039C110001255C9 /* xtea.h */,
				B47AABE62039C110001255C9 /* crc.h */,
				B47AABE72039C110001255C9 /* frame.h */,
				B47AABE82039C110001255C9 /* file.h */,
				B47AABE92039C110001255C9 /* md5.h */,
				B47AABEA2039C110001255C9 /* cast5.h */,
				B47AABEB2039C110001255C9 /* ffversion.h */,
				B47AABEC2039C110001255C9 /* audio_fifo.h */,
				B47AABED2039C110001255C9 /* threadmessage.h */,
				B47AABEE2039C110001255C9 /* attributes.h */,
				B47AABEF2039C110001255C9 /* adler32.h */,
				B47AABF02039C110001255C9 /* timecode.h */,
				B47AABF12039C110001255C9 /* sha512.h */,
				B47AABF22039C110001255C9 /* display.h */,
				B47AABF32039C110001255C9 /* buffer.h */,
				B47AABF42039C110001255C9 /* camellia.h */,
				B47AABF52039C110001255C9 /* pixelutils.h */,
				B47AABF62039C110001255C9 /* common.h */,
				B47AABF72039C110001255C9 /* hmac.h */,
				B47AABF82039C110001255C9 /* eval.h */,
				B47AABF92039C110001255C9 /* dict.h */,
				B47AABFA2039C110001255C9 /* random_seed.h */,
				B47AABFB2039C110001255C9 /* opt.h */,
				B47AABFC2039C110001255C9 /* log.h */,
				B47AABFD2039C110001255C9 /* aes.h */,
				B47AABFE2039C110001255C9 /* macros.h */,
				B47AABFF2039C110001255C9 /* bswap.h */,
				B47AAC002039C110001255C9 /* old_pix_fmts.h */,
				B47AAC012039C110001255C9 /* tea.h */,
				B47AAC022039C110001255C9 /* cpu.h */,
				B47AAC032039C110001255C9 /* audioconvert.h */,
				B47AAC042039C110001255C9 /* lzo.h */,
				B47AAC052039C110001255C9 /* channel_layout.h */,
				B47AAC062039C110001255C9 /* twofish.h */,
				B47AAC072039C110001255C9 /* imgutils.h */,
				B47AAC082039C110001255C9 /* mem.h */,
				B47AAC092039C110001255C9 /* parseutils.h */,
				B47AAC0A2039C110001255C9 /* ripemd.h */,
				B47AAC0B2039C110001255C9 /* bprint.h */,
				B47AAC0C2039C110001255C9 /* pixfmt.h */,
				B47AAC0D2039C110001255C9 /* timestamp.h */,
				B47AAC0E2039C110001255C9 /* downmix_info.h */,
				B47AAC0F2039C110001255C9 /* avassert.h */,
				B47AAC102039C110001255C9 /* hash.h */,
				B47AAC112039C110001255C9 /* mathematics.h */,
				B47AAC122039C110001255C9 /* intreadwrite.h */,
				B47AAC132039C110001255C9 /* avstring.h */,
			);
			path = libavutil;
			sourceTree = "<group>";
		};
		B47AAC142039C110001255C9 /* libavdevice */ = {
			isa = PBXGroup;
			children = (
				B47AAC152039C110001255C9 /* version.h */,
				B47AAC162039C110001255C9 /* avdevice.h */,
			);
			path = libavdevice;
			sourceTree = "<group>";
		};
		B47AAC172039C110001255C9 /* libavformat */ = {
			isa = PBXGroup;
			children = (
				B47AAC182039C110001255C9 /* version.h */,
				B47AAC192039C110001255C9 /* avio.h */,
				B47AAC1A2039C110001255C9 /* avformat.h */,
			);
			path = libavformat;
			sourceTree = "<group>";
		};
		B47AAC1B2039C110001255C9 /* libswscale */ = {
			isa = PBXGroup;
			children = (
				B47AAC1C2039C110001255C9 /* version.h */,
				B47AAC1D2039C110001255C9 /* swscale.h */,
			);
			path = libswscale;
			sourceTree = "<group>";
		};
		B47AAC1E2039C110001255C9 /* libavcodec */ = {
			isa = PBXGroup;
			children = (
				B47AAC1F2039C110001255C9 /* avcodec.h */,
				B47AAC202039C110001255C9 /* version.h */,
				B47AAC212039C110001255C9 /* vdpau.h */,
				B47AAC222039C110001255C9 /* qsv.h */,
				B47AAC232039C110001255C9 /* vaapi.h */,
				B47AAC242039C110001255C9 /* videotoolbox.h */,
				B47AAC252039C110001255C9 /* xvmc.h */,
				B47AAC262039C110001255C9 /* d3d11va.h */,
				B47AAC272039C110001255C9 /* avfft.h */,
				B47AAC282039C110001255C9 /* vda.h */,
				B47AAC292039C110001255C9 /* vorbis_parser.h */,
				B47AAC2A2039C110001255C9 /* dxva2.h */,
				B47AAC2B2039C110001255C9 /* dv_profile.h */,
				B47AAC2C2039C110001255C9 /* old_codec_ids.h */,
			);
			path = libavcodec;
			sourceTree = "<group>";
		};
		B47AAC2D2039C110001255C9 /* libswresample */ = {
			isa = PBXGroup;
			children = (
				B47AAC2E2039C110001255C9 /* version.h */,
				B47AAC2F2039C110001255C9 /* swresample.h */,
			);
			path = libswresample;
			sourceTree = "<group>";
		};
		B47AAC302039C110001255C9 /* lib */ = {
			isa = PBXGroup;
			children = (
				B47AAC312039C110001255C9 /* libavutil.a */,
				B47AAC322039C110001255C9 /* libavfilter.a */,
				B47AAC332039C110001255C9 /* libavcodec.a */,
				B47AAC342039C110001255C9 /* libavformat.a */,
				B47AAC352039C110001255C9 /* libavdevice.a */,
				B47AAC362039C110001255C9 /* libswresample.a */,
				B47AAC372039C110001255C9 /* libswscale.a */,
			);
			path = lib;
			sourceTree = "<group>";
		};
		DD8AF2671F6F6DD4002B2DAB = {
			isa = PBXGroup;
			children = (
				B47AABC620399184001255C9 /* FFmpegConfig.xcconfig */,
				B47AABC82039C110001255C9 /* FFmpeg-2.8.2 */,
				DD8AF2721F6F6DD4002B2DAB /* FFmpeg007 */,
				DD8AF2711F6F6DD4002B2DAB /* Products */,
				DD8AF6191F70E26D002B2DAB /* Frameworks */,
			);
			sourceTree = "<group>";
		};
		DD8AF2711F6F6DD4002B2DAB /* Products */ = {
			isa = PBXGroup;
			children = (
				DD8AF2701F6F6DD4002B2DAB /* FFmpeg007.app */,
			);
			name = Products;
			sourceTree = "<group>";
		};
		DD8AF2721F6F6DD4002B2DAB /* FFmpeg007 */ = {
			isa = PBXGroup;
			children = (
				B4105241201245FD000C1196 /* VideoPlayer */,
				DD8AF2731F6F6DD4002B2DAB /* AppDelegate.h */,
				DD8AF2741F6F6DD4002B2DAB /* AppDelegate.m */,
				DD8AF2761F6F6DD4002B2DAB /* ViewController.h */,
				DD8AF2771F6F6DD4002B2DAB /* ViewController.m */,
				DD8AF2791F6F6DD4002B2DAB /* Main.storyboard */,
				DD8AF27C1F6F6DD4002B2DAB /* Assets.xcassets */,
				DD8AF27E1F6F6DD4002B2DAB /* LaunchScreen.storyboard */,
				DD8AF2811F6F6DD4002B2DAB /* Info.plist */,
				DD8AF2821F6F6DD4002B2DAB /* main.m */,
			);
			path = FFmpeg007;
			sourceTree = "<group>";
		};
		DD8AF6191F70E26D002B2DAB /* Frameworks */ = {
			isa = PBXGroup;
			children = (
				DD8AF6241F70E2DF002B2DAB /* AudioToolbox.framework */,
				DD8AF6221F70E2D4002B2DAB /* CoreMedia.framework */,
				DD8AF6201F70E2BF002B2DAB /* VideoToolbox.framework */,
				DD8AF61E1F70E281002B2DAB /* libiconv.tbd */,
				DD8AF61C1F70E277002B2DAB /* libbz2.tbd */,
				DD8AF61A1F70E26E002B2DAB /* libz.tbd */,
			);
			name = Frameworks;
			sourceTree = "<group>";
		};
/* End PBXGroup section */

/* Begin PBXNativeTarget section */
		DD8AF26F1F6F6DD4002B2DAB /* FFmpeg007 */ = {
			isa = PBXNativeTarget;
			buildConfigurationList = DD8AF2861F6F6DD4002B2DAB /* Build configuration list for PBXNativeTarget "FFmpeg007" */;
			buildPhases = (
				DD8AF26C1F6F6DD4002B2DAB /* Sources */,
				DD8AF26D1F6F6DD4002B2DAB /* Frameworks */,
				DD8AF26E1F6F6DD4002B2DAB /* Resources */,
			);
			buildRules = (
			);
			dependencies = (
			);
			name = FFmpeg007;
			productName = FFmpeg002;
			productReference = DD8AF2701F6F6DD4002B2DAB /* FFmpeg007.app */;
			productType = "com.apple.product-type.application";
		};
/* End PBXNativeTarget section */

/* Begin PBXProject section */
		DD8AF2681F6F6DD4002B2DAB /* Project object */ = {
			isa = PBXProject;
			attributes = {
				LastUpgradeCheck = 0920;
				ORGANIZATIONNAME = "Awesome FFmpeg Study Demo";
				TargetAttributes = {
					DD8AF26F1F6F6DD4002B2DAB = {
						CreatedOnToolsVersion = 9.0;
						ProvisioningStyle = Manual;
					};
				};
			};
			buildConfigurationList = DD8AF26B1F6F6DD4002B2DAB /* Build configuration list for PBXProject "FFmpeg007" */;
			compatibilityVersion = "Xcode 8.0";
			developmentRegion = en;
			hasScannedForEncodings = 0;
			knownRegions = (
				en,
				Base,
			);
			mainGroup = DD8AF2671F6F6DD4002B2DAB;
			productRefGroup = DD8AF2711F6F6DD4002B2DAB /* Products */;
			projectDirPath = "";
			projectRoot = "";
			targets = (
				DD8AF26F1F6F6DD4002B2DAB /* FFmpeg007 */,
			);
		};
/* End PBXProject section */

/* Begin PBXResourcesBuildPhase section */
		DD8AF26E1F6F6DD4002B2DAB /* Resources */ = {
			isa = PBXResourcesBuildPhase;
			buildActionMask = 2147483647;
			files = (
				DD8AF2801F6F6DD4002B2DAB /* LaunchScreen.storyboard in Resources */,
				DD8AF27D1F6F6DD4002B2DAB /* Assets.xcassets in Resources */,
				DD8AF27B1F6F6DD4002B2DAB /* Main.storyboard in Resources */,
			);
			runOnlyForDeploymentPostprocessing = 0;
		};
/* End PBXResourcesBuildPhase section */

/* Begin PBXSourcesBuildPhase section */
		DD8AF26C1F6F6DD4002B2DAB /* Sources */ = {
			isa = PBXSourcesBuildPhase;
			buildActionMask = 2147483647;
			files = (
				DD8AF2781F6F6DD4002B2DAB /* ViewController.m in Sources */,
				B4FA67E6202DFB6800A6A120 /* OpenGLView20.mm in Sources */,
				B4105247201252CE000C1196 /* MRVideoFrame.m in Sources */,
				B4FA67E9202DFE5000A6A120 /* MRVideoPlayer.m in Sources */,
				DD8AF2831F6F6DD4002B2DAB /* main.m in Sources */,
				B4DFC8D92001284C00FB3209 /* NSTimer+Util.m in Sources */,
				DD8AF2751F6F6DD4002B2DAB /* AppDelegate.m in Sources */,
			);
			runOnlyForDeploymentPostprocessing = 0;
		};
/* End PBXSourcesBuildPhase section */

/* Begin PBXVariantGroup section */
		DD8AF2791F6F6DD4002B2DAB /* Main.storyboard */ = {
			isa = PBXVariantGroup;
			children = (
				DD8AF27A1F6F6DD4002B2DAB /* Base */,
			);
			name = Main.storyboard;
			sourceTree = "<group>";
		};
		DD8AF27E1F6F6DD4002B2DAB /* LaunchScreen.storyboard */ = {
			isa = PBXVariantGroup;
			children = (
				DD8AF27F1F6F6DD4002B2DAB /* Base */,
			);
			name = LaunchScreen.storyboard;
			sourceTree = "<group>";
		};
/* End PBXVariantGroup section */

/* Begin XCBuildConfiguration section */
		DD8AF2841F6F6DD4002B2DAB /* Debug */ = {
			isa = XCBuildConfiguration;
			baseConfigurationReference = B47AABC620399184001255C9 /* FFmpegConfig.xcconfig */;
			buildSettings = {
				ALWAYS_SEARCH_USER_PATHS = NO;
				CLANG_ANALYZER_NONNULL = YES;
				CLANG_ANALYZER_NUMBER_OBJECT_CONVERSION = YES_AGGRESSIVE;
				CLANG_CXX_LANGUAGE_STANDARD = "gnu++14";
				CLANG_CXX_LIBRARY = "libc++";
				CLANG_ENABLE_MODULES = YES;
				CLANG_ENABLE_OBJC_ARC = YES;
				CLANG_WARN_BLOCK_CAPTURE_AUTORELEASING = YES;
				CLANG_WARN_BOOL_CONVERSION = YES;
				CLANG_WARN_COMMA = YES;
				CLANG_WARN_CONSTANT_CONVERSION = YES;
				CLANG_WARN_DIRECT_OBJC_ISA_USAGE = YES_ERROR;
				CLANG_WARN_DOCUMENTATION_COMMENTS = YES;
				CLANG_WARN_EMPTY_BODY = YES;
				CLANG_WARN_ENUM_CONVERSION = YES;
				CLANG_WARN_INFINITE_RECURSION = YES;
				CLANG_WARN_INT_CONVERSION = YES;
				CLANG_WARN_NON_LITERAL_NULL_CONVERSION = YES;
				CLANG_WARN_OBJC_LITERAL_CONVERSION = YES;
				CLANG_WARN_OBJC_ROOT_CLASS = YES_ERROR;
				CLANG_WARN_RANGE_LOOP_ANALYSIS = YES;
				CLANG_WARN_STRICT_PROTOTYPES = YES;
				CLANG_WARN_SUSPICIOUS_MOVE = YES;
				CLANG_WARN_UNGUARDED_AVAILABILITY = YES_AGGRESSIVE;
				CLANG_WARN_UNREACHABLE_CODE = YES;
				CLANG_WARN__DUPLICATE_METHOD_MATCH = YES;
				CODE_SIGN_IDENTITY = "iPhone Developer";
				COPY_PHASE_STRIP = NO;
				DEBUG_INFORMATION_FORMAT = dwarf;
				ENABLE_STRICT_OBJC_MSGSEND = YES;
				ENABLE_TESTABILITY = YES;
				GCC_C_LANGUAGE_STANDARD = gnu11;
				GCC_DYNAMIC_NO_PIC = NO;
				GCC_NO_COMMON_BLOCKS = YES;
				GCC_OPTIMIZATION_LEVEL = 0;
				GCC_PREPROCESSOR_DEFINITIONS = (
					"DEBUG=1",
					"$(inherited)",
				);
				GCC_WARN_64_TO_32_BIT_CONVERSION = YES;
				GCC_WARN_ABOUT_RETURN_TYPE = YES_ERROR;
				GCC_WARN_UNDECLARED_SELECTOR = YES;
				GCC_WARN_UNINITIALIZED_AUTOS = YES_AGGRESSIVE;
				GCC_WARN_UNUSED_FUNCTION = YES;
				GCC_WARN_UNUSED_VARIABLE = YES;
				IPHONEOS_DEPLOYMENT_TARGET = 11.0;
				MTL_ENABLE_DEBUG_INFO = YES;
				ONLY_ACTIVE_ARCH = YES;
				SDKROOT = iphoneos;
			};
			name = Debug;
		};
		DD8AF2851F6F6DD4002B2DAB /* Release */ = {
			isa = XCBuildConfiguration;
			baseConfigurationReference = B47AABC620399184001255C9 /* FFmpegConfig.xcconfig */;
			buildSettings = {
				ALWAYS_SEARCH_USER_PATHS = NO;
				CLANG_ANALYZER_NONNULL = YES;
				CLANG_ANALYZER_NUMBER_OBJECT_CONVERSION = YES_AGGRESSIVE;
				CLANG_CXX_LANGUAGE_STANDARD = "gnu++14";
				CLANG_CXX_LIBRARY = "libc++";
				CLANG_ENABLE_MODULES = YES;
				CLANG_ENABLE_OBJC_ARC = YES;
				CLANG_WARN_BLOCK_CAPTURE_AUTORELEASING = YES;
				CLANG_WARN_BOOL_CONVERSION = YES;
				CLANG_WARN_COMMA = YES;
				CLANG_WARN_CONSTANT_CONVERSION = YES;
				CLANG_WARN_DIRECT_OBJC_ISA_USAGE = YES_ERROR;
				CLANG_WARN_DOCUMENTATION_COMMENTS = YES;
				CLANG_WARN_EMPTY_BODY = YES;
				CLANG_WARN_ENUM_CONVERSION = YES;
				CLANG_WARN_INFINITE_RECURSION = YES;
				CLANG_WARN_INT_CONVERSION = YES;
				CLANG_WARN_NON_LITERAL_NULL_CONVERSION = YES;
				CLANG_WARN_OBJC_LITERAL_CONVERSION = YES;
				CLANG_WARN_OBJC_ROOT_CLASS = YES_ERROR;
				CLANG_WARN_RANGE_LOOP_ANALYSIS = YES;
				CLANG_WARN_STRICT_PROTOTYPES = YES;
				CLANG_WARN_SUSPICIOUS_MOVE = YES;
				CLANG_WARN_UNGUARDED_AVAILABILITY = YES_AGGRESSIVE;
				CLANG_WARN_UNREACHABLE_CODE = YES;
				CLANG_WARN__DUPLICATE_METHOD_MATCH = YES;
				CODE_SIGN_IDENTITY = "iPhone Developer";
				COPY_PHASE_STRIP = NO;
				DEBUG_INFORMATION_FORMAT = "dwarf-with-dsym";
				ENABLE_NS_ASSERTIONS = NO;
				ENABLE_STRICT_OBJC_MSGSEND = YES;
				GCC_C_LANGUAGE_STANDARD = gnu11;
				GCC_NO_COMMON_BLOCKS = YES;
				GCC_WARN_64_TO_32_BIT_CONVERSION = YES;
				GCC_WARN_ABOUT_RETURN_TYPE = YES_ERROR;
				GCC_WARN_UNDECLARED_SELECTOR = YES;
				GCC_WARN_UNINITIALIZED_AUTOS = YES_AGGRESSIVE;
				GCC_WARN_UNUSED_FUNCTION = YES;
				GCC_WARN_UNUSED_VARIABLE = YES;
				IPHONEOS_DEPLOYMENT_TARGET = 11.0;
				MTL_ENABLE_DEBUG_INFO = NO;
				SDKROOT = iphoneos;
				VALIDATE_PRODUCT = YES;
			};
			name = Release;
		};
		DD8AF2871F6F6DD4002B2DAB /* Debug */ = {
			isa = XCBuildConfiguration;
			buildSettings = {
				ASSETCATALOG_COMPILER_APPICON_NAME = AppIcon;
				CODE_SIGN_STYLE = Manual;
				DEVELOPMENT_TEAM = 8YBM843B95;
				INFOPLIST_FILE = "$(SRCROOT)/FFmpeg007/Info.plist";
				IPHONEOS_DEPLOYMENT_TARGET = 8.0;
				LD_RUNPATH_SEARCH_PATHS = "$(inherited) @executable_path/Frameworks";
				PRODUCT_BUNDLE_IDENTIFIER = com.sohu.FFmpeg007;
				PRODUCT_NAME = "$(TARGET_NAME)";
				PROVISIONING_PROFILE = "a17505de-8ee5-49d8-aac1-189ab2d50ed3";
				PROVISIONING_PROFILE_SPECIFIER = Any_Project_PP;
				TARGETED_DEVICE_FAMILY = "1,2";
			};
			name = Debug;
		};
		DD8AF2881F6F6DD4002B2DAB /* Release */ = {
			isa = XCBuildConfiguration;
			buildSettings = {
				ASSETCATALOG_COMPILER_APPICON_NAME = AppIcon;
				CODE_SIGN_STYLE = Manual;
				DEVELOPMENT_TEAM = 8YBM843B95;
				INFOPLIST_FILE = "$(SRCROOT)/FFmpeg007/Info.plist";
				IPHONEOS_DEPLOYMENT_TARGET = 8.0;
				LD_RUNPATH_SEARCH_PATHS = "$(inherited) @executable_path/Frameworks";
				PRODUCT_BUNDLE_IDENTIFIER = com.sohu.FFmpeg007;
				PRODUCT_NAME = "$(TARGET_NAME)";
				PROVISIONING_PROFILE = "a17505de-8ee5-49d8-aac1-189ab2d50ed3";
				PROVISIONING_PROFILE_SPECIFIER = Any_Project_PP;
				TARGETED_DEVICE_FAMILY = "1,2";
			};
			name = Release;
		};
/* End XCBuildConfiguration section */

/* Begin XCConfigurationList section */
		DD8AF26B1F6F6DD4002B2DAB /* Build configuration list for PBXProject "FFmpeg007" */ = {
			isa = XCConfigurationList;
			buildConfigurations = (
				DD8AF2841F6F6DD4002B2DAB /* Debug */,
				DD8AF2851F6F6DD4002B2DAB /* Release */,
			);
			defaultConfigurationIsVisible = 0;
			defaultConfigurationName = Release;
		};
		DD8AF2861F6F6DD4002B2DAB /* Build configuration list for PBXNativeTarget "FFmpeg007" */ = {
			isa = XCConfigurationList;
			buildConfigurations = (
				DD8AF2871F6F6DD4002B2DAB /* Debug */,
				DD8AF2881F6F6DD4002B2DAB /* Release */,
			);
			defaultConfigurationIsVisible = 0;
			defaultConfigurationName = Release;
		};
/* End XCConfigurationList section */
	};
	rootObject = DD8AF2681F6F6DD4002B2DAB /* Project object */;
}
