// !$*UTF8*$!
{
	archiveVersion = 1;
	classes = {
	};
	objectVersion = 50;
	objects = {

/* Begin PBXBuildFile section */
		DD700B4A23D0653200C30BEC /* AppDelegate.m in Sources */ = {isa = PBXBuildFile; fileRef = DD700B4923D0653200C30BEC /* AppDelegate.m */; };
		DD700B4D23D0653200C30BEC /* SceneDelegate.m in Sources */ = {isa = PBXBuildFile; fileRef = DD700B4C23D0653200C30BEC /* SceneDelegate.m */; };
		DD700B5023D0653200C30BEC /* ViewController.mm in Sources */ = {isa = PBXBuildFile; fileRef = DD700B4F23D0653200C30BEC /* ViewController.mm */; };
		DD700B5323D0653200C30BEC /* Main.storyboard in Resources */ = {isa = PBXBuildFile; fileRef = DD700B5123D0653200C30BEC /* Main.storyboard */; };
		DD700B5523D0653600C30BEC /* Assets.xcassets in Resources */ = {isa = PBXBuildFile; fileRef = DD700B5423D0653600C30BEC /* Assets.xcassets */; };
		DD700B5823D0653600C30BEC /* LaunchScreen.storyboard in Resources */ = {isa = PBXBuildFile; fileRef = DD700B5623D0653600C30BEC /* LaunchScreen.storyboard */; };
		DD700B5B23D0653600C30BEC /* main.m in Sources */ = {isa = PBXBuildFile; fileRef = DD700B5A23D0653600C30BEC /* main.m */; };
		DD700B6323D070D000C30BEC /* MRMp3Encoder.cpp in Sources */ = {isa = PBXBuildFile; fileRef = DD700B6123D070D000C30BEC /* MRMp3Encoder.cpp */; };
		DD700B6523D158B600C30BEC /* L.pcm in Resources */ = {isa = PBXBuildFile; fileRef = DD700B6423D158B600C30BEC /* L.pcm */; };
		DD700B6723D1882900C30BEC /* LR.pcm in Resources */ = {isa = PBXBuildFile; fileRef = DD700B6623D1882900C30BEC /* LR.pcm */; };
		F8DF757A08FA5BE30E15FDA3 /* libPods-Mp3Encoder.a in Frameworks */ = {isa = PBXBuildFile; fileRef = 9D4853E541D5C5DD1084C1C3 /* libPods-Mp3Encoder.a */; };
/* End PBXBuildFile section */

/* Begin PBXFileReference section */
		803998D31052333EB63F61CC /* Pods-Mp3Encoder.release.xcconfig */ = {isa = PBXFileReference; includeInIndex = 1; lastKnownFileType = text.xcconfig; name = "Pods-Mp3Encoder.release.xcconfig"; path = "Target Support Files/Pods-Mp3Encoder/Pods-Mp3Encoder.release.xcconfig"; sourceTree = "<group>"; };
		9D4853E541D5C5DD1084C1C3 /* libPods-Mp3Encoder.a */ = {isa = PBXFileReference; explicitFileType = archive.ar; includeInIndex = 0; path = "libPods-Mp3Encoder.a"; sourceTree = BUILT_PRODUCTS_DIR; };
		AB98A399204AAA5DB491649C /* Pods-Mp3Encoder.debug.xcconfig */ = {isa = PBXFileReference; includeInIndex = 1; lastKnownFileType = text.xcconfig; name = "Pods-Mp3Encoder.debug.xcconfig"; path = "Target Support Files/Pods-Mp3Encoder/Pods-Mp3Encoder.debug.xcconfig"; sourceTree = "<group>"; };
		DD700B4523D0653200C30BEC /* Mp3Encoder.app */ = {isa = PBXFileReference; explicitFileType = wrapper.application; includeInIndex = 0; path = Mp3Encoder.app; sourceTree = BUILT_PRODUCTS_DIR; };
		DD700B4823D0653200C30BEC /* AppDelegate.h */ = {isa = PBXFileReference; lastKnownFileType = sourcecode.c.h; path = AppDelegate.h; sourceTree = "<group>"; };
		DD700B4923D0653200C30BEC /* AppDelegate.m */ = {isa = PBXFileReference; lastKnownFileType = sourcecode.c.objc; path = AppDelegate.m; sourceTree = "<group>"; };
		DD700B4B23D0653200C30BEC /* SceneDelegate.h */ = {isa = PBXFileReference; lastKnownFileType = sourcecode.c.h; path = SceneDelegate.h; sourceTree = "<group>"; };
		DD700B4C23D0653200C30BEC /* SceneDelegate.m */ = {isa = PBXFileReference; lastKnownFileType = sourcecode.c.objc; path = SceneDelegate.m; sourceTree = "<group>"; };
		DD700B4E23D0653200C30BEC /* ViewController.h */ = {isa = PBXFileReference; lastKnownFileType = sourcecode.c.h; path = ViewController.h; sourceTree = "<group>"; };
		DD700B4F23D0653200C30BEC /* ViewController.mm */ = {isa = PBXFileReference; lastKnownFileType = sourcecode.cpp.objcpp; path = ViewController.mm; sourceTree = "<group>"; };
		DD700B5223D0653200C30BEC /* Base */ = {isa = PBXFileReference; lastKnownFileType = file.storyboard; name = Base; path = Base.lproj/Main.storyboard; sourceTree = "<group>"; };
		DD700B5423D0653600C30BEC /* Assets.xcassets */ = {isa = PBXFileReference; lastKnownFileType = folder.assetcatalog; path = Assets.xcassets; sourceTree = "<group>"; };
		DD700B5723D0653600C30BEC /* Base */ = {isa = PBXFileReference; lastKnownFileType = file.storyboard; name = Base; path = Base.lproj/LaunchScreen.storyboard; sourceTree = "<group>"; };
		DD700B5923D0653600C30BEC /* Info.plist */ = {isa = PBXFileReference; lastKnownFileType = text.plist.xml; path = Info.plist; sourceTree = "<group>"; };
		DD700B5A23D0653600C30BEC /* main.m */ = {isa = PBXFileReference; lastKnownFileType = sourcecode.c.objc; path = main.m; sourceTree = "<group>"; };
		DD700B6123D070D000C30BEC /* MRMp3Encoder.cpp */ = {isa = PBXFileReference; lastKnownFileType = sourcecode.cpp.cpp; path = MRMp3Encoder.cpp; sourceTree = "<group>"; };
		DD700B6223D070D000C30BEC /* MRMp3Encoder.hpp */ = {isa = PBXFileReference; lastKnownFileType = sourcecode.cpp.h; path = MRMp3Encoder.hpp; sourceTree = "<group>"; };
		DD700B6423D158B600C30BEC /* L.pcm */ = {isa = PBXFileReference; lastKnownFileType = file; path = L.pcm; sourceTree = "<group>"; };
		DD700B6623D1882900C30BEC /* LR.pcm */ = {isa = PBXFileReference; lastKnownFileType = file; path = LR.pcm; sourceTree = "<group>"; };
/* End PBXFileReference section */

/* Begin PBXFrameworksBuildPhase section */
		DD700B4223D0653200C30BEC /* Frameworks */ = {
			isa = PBXFrameworksBuildPhase;
			buildActionMask = 2147483647;
			files = (
				F8DF757A08FA5BE30E15FDA3 /* libPods-Mp3Encoder.a in Frameworks */,
			);
			runOnlyForDeploymentPostprocessing = 0;
		};
/* End PBXFrameworksBuildPhase section */

/* Begin PBXGroup section */
		5AC503F482E292994F611BDD /* Pods */ = {
			isa = PBXGroup;
			children = (
				AB98A399204AAA5DB491649C /* Pods-Mp3Encoder.debug.xcconfig */,
				803998D31052333EB63F61CC /* Pods-Mp3Encoder.release.xcconfig */,
			);
			name = Pods;
			path = ../../Pods;
			sourceTree = "<group>";
		};
		9130D6E47521F2E85A3A1CB2 /* Frameworks */ = {
			isa = PBXGroup;
			children = (
				9D4853E541D5C5DD1084C1C3 /* libPods-Mp3Encoder.a */,
			);
			name = Frameworks;
			sourceTree = "<group>";
		};
		DD700B3C23D0653200C30BEC = {
			isa = PBXGroup;
			children = (
				DD700B4723D0653200C30BEC /* Mp3Encoder */,
				DD700B4623D0653200C30BEC /* Products */,
				5AC503F482E292994F611BDD /* Pods */,
				9130D6E47521F2E85A3A1CB2 /* Frameworks */,
			);
			sourceTree = "<group>";
		};
		DD700B4623D0653200C30BEC /* Products */ = {
			isa = PBXGroup;
			children = (
				DD700B4523D0653200C30BEC /* Mp3Encoder.app */,
			);
			name = Products;
			sourceTree = "<group>";
		};
		DD700B4723D0653200C30BEC /* Mp3Encoder */ = {
			isa = PBXGroup;
			children = (
				DD700B4823D0653200C30BEC /* AppDelegate.h */,
				DD700B4923D0653200C30BEC /* AppDelegate.m */,
				DD700B4B23D0653200C30BEC /* SceneDelegate.h */,
				DD700B4C23D0653200C30BEC /* SceneDelegate.m */,
				DD700B4E23D0653200C30BEC /* ViewController.h */,
				DD700B4F23D0653200C30BEC /* ViewController.mm */,
				DD700B5123D0653200C30BEC /* Main.storyboard */,
				DD700B5423D0653600C30BEC /* Assets.xcassets */,
				DD700B5623D0653600C30BEC /* LaunchScreen.storyboard */,
				DD700B5923D0653600C30BEC /* Info.plist */,
				DD700B5A23D0653600C30BEC /* main.m */,
				DD700B6623D1882900C30BEC /* LR.pcm */,
				DD700B6423D158B600C30BEC /* L.pcm */,
				DD700B6223D070D000C30BEC /* MRMp3Encoder.hpp */,
				DD700B6123D070D000C30BEC /* MRMp3Encoder.cpp */,
			);
			path = Mp3Encoder;
			sourceTree = "<group>";
		};
/* End PBXGroup section */

/* Begin PBXNativeTarget section */
		DD700B4423D0653200C30BEC /* Mp3Encoder */ = {
			isa = PBXNativeTarget;
			buildConfigurationList = DD700B5E23D0653600C30BEC /* Build configuration list for PBXNativeTarget "Mp3Encoder" */;
			buildPhases = (
				13F7D96AD74CB582EBEA70FD /* [CP] Check Pods Manifest.lock */,
				DD700B4123D0653200C30BEC /* Sources */,
				DD700B4223D0653200C30BEC /* Frameworks */,
				DD700B4323D0653200C30BEC /* Resources */,
			);
			buildRules = (
			);
			dependencies = (
			);
			name = Mp3Encoder;
			productName = Mp3Encoder;
			productReference = DD700B4523D0653200C30BEC /* Mp3Encoder.app */;
			productType = "com.apple.product-type.application";
		};
/* End PBXNativeTarget section */

/* Begin PBXProject section */
		DD700B3D23D0653200C30BEC /* Project object */ = {
			isa = PBXProject;
			attributes = {
				DefaultBuildSystemTypeForWorkspace = Original;
				LastUpgradeCheck = 1130;
				ORGANIZATIONNAME = "Awesome FFmpeg Study Demo";
				TargetAttributes = {
					DD700B4423D0653200C30BEC = {
						CreatedOnToolsVersion = 11.3;
					};
				};
			};
			buildConfigurationList = DD700B4023D0653200C30BEC /* Build configuration list for PBXProject "Mp3Encoder" */;
			compatibilityVersion = "Xcode 9.3";
			developmentRegion = en;
			hasScannedForEncodings = 0;
			knownRegions = (
				en,
				Base,
			);
			mainGroup = DD700B3C23D0653200C30BEC;
			productRefGroup = DD700B4623D0653200C30BEC /* Products */;
			projectDirPath = "";
			projectRoot = "";
			targets = (
				DD700B4423D0653200C30BEC /* Mp3Encoder */,
			);
		};
/* End PBXProject section */

/* Begin PBXResourcesBuildPhase section */
		DD700B4323D0653200C30BEC /* Resources */ = {
			isa = PBXResourcesBuildPhase;
			buildActionMask = 2147483647;
			files = (
				DD700B6723D1882900C30BEC /* LR.pcm in Resources */,
				DD700B5823D0653600C30BEC /* LaunchScreen.storyboard in Resources */,
				DD700B5523D0653600C30BEC /* Assets.xcassets in Resources */,
				DD700B5323D0653200C30BEC /* Main.storyboard in Resources */,
				DD700B6523D158B600C30BEC /* L.pcm in Resources */,
			);
			runOnlyForDeploymentPostprocessing = 0;
		};
/* End PBXResourcesBuildPhase section */

/* Begin PBXShellScriptBuildPhase section */
		13F7D96AD74CB582EBEA70FD /* [CP] Check Pods Manifest.lock */ = {
			isa = PBXShellScriptBuildPhase;
			buildActionMask = 2147483647;
			files = (
			);
			inputFileListPaths = (
			);
			inputPaths = (
				"${PODS_PODFILE_DIR_PATH}/Podfile.lock",
				"${PODS_ROOT}/Manifest.lock",
			);
			name = "[CP] Check Pods Manifest.lock";
			outputFileListPaths = (
			);
			outputPaths = (
				"$(DERIVED_FILE_DIR)/Pods-Mp3Encoder-checkManifestLockResult.txt",
			);
			runOnlyForDeploymentPostprocessing = 0;
			shellPath = /bin/sh;
			shellScript = "diff \"${PODS_PODFILE_DIR_PATH}/Podfile.lock\" \"${PODS_ROOT}/Manifest.lock\" > /dev/null\nif [ $? != 0 ] ; then\n    # print error to STDERR\n    echo \"error: The sandbox is not in sync with the Podfile.lock. Run 'pod install' or update your CocoaPods installation.\" >&2\n    exit 1\nfi\n# This output is used by Xcode 'outputs' to avoid re-running this script phase.\necho \"SUCCESS\" > \"${SCRIPT_OUTPUT_FILE_0}\"\n";
			showEnvVarsInLog = 0;
		};
/* End PBXShellScriptBuildPhase section */

/* Begin PBXSourcesBuildPhase section */
		DD700B4123D0653200C30BEC /* Sources */ = {
			isa = PBXSourcesBuildPhase;
			buildActionMask = 2147483647;
			files = (
				DD700B5023D0653200C30BEC /* ViewController.mm in Sources */,
				DD700B4A23D0653200C30BEC /* AppDelegate.m in Sources */,
				DD700B5B23D0653600C30BEC /* main.m in Sources */,
				DD700B4D23D0653200C30BEC /* SceneDelegate.m in Sources */,
				DD700B6323D070D000C30BEC /* MRMp3Encoder.cpp in Sources */,
			);
			runOnlyForDeploymentPostprocessing = 0;
		};
/* End PBXSourcesBuildPhase section */

/* Begin PBXVariantGroup section */
		DD700B5123D0653200C30BEC /* Main.storyboard */ = {
			isa = PBXVariantGroup;
			children = (
				DD700B5223D0653200C30BEC /* Base */,
			);
			name = Main.storyboard;
			sourceTree = "<group>";
		};
		DD700B5623D0653600C30BEC /* LaunchScreen.storyboard */ = {
			isa = PBXVariantGroup;
			children = (
				DD700B5723D0653600C30BEC /* Base */,
			);
			name = LaunchScreen.storyboard;
			sourceTree = "<group>";
		};
/* End PBXVariantGroup section */

/* Begin XCBuildConfiguration section */
		DD700B5C23D0653600C30BEC /* Debug */ = {
			isa = XCBuildConfiguration;
			buildSettings = {
				ALWAYS_SEARCH_USER_PATHS = NO;
				CLANG_ANALYZER_NONNULL = YES;
				CLANG_ANALYZER_NUMBER_OBJECT_CONVERSION = YES_AGGRESSIVE;
				CLANG_CXX_LANGUAGE_STANDARD = "gnu++14";
				CLANG_CXX_LIBRARY = "libc++";
				CLANG_ENABLE_MODULES = YES;
				CLANG_ENABLE_OBJC_ARC = YES;
				CLANG_ENABLE_OBJC_WEAK = YES;
				CLANG_WARN_BLOCK_CAPTURE_AUTORELEASING = YES;
				CLANG_WARN_BOOL_CONVERSION = YES;
				CLANG_WARN_COMMA = YES;
				CLANG_WARN_CONSTANT_CONVERSION = YES;
				CLANG_WARN_DEPRECATED_OBJC_IMPLEMENTATIONS = YES;
				CLANG_WARN_DIRECT_OBJC_ISA_USAGE = YES_ERROR;
				CLANG_WARN_DOCUMENTATION_COMMENTS = YES;
				CLANG_WARN_EMPTY_BODY = YES;
				CLANG_WARN_ENUM_CONVERSION = YES;
				CLANG_WARN_INFINITE_RECURSION = YES;
				CLANG_WARN_INT_CONVERSION = YES;
				CLANG_WARN_NON_LITERAL_NULL_CONVERSION = YES;
				CLANG_WARN_OBJC_IMPLICIT_RETAIN_SELF = YES;
				CLANG_WARN_OBJC_LITERAL_CONVERSION = YES;
				CLANG_WARN_OBJC_ROOT_CLASS = YES_ERROR;
				CLANG_WARN_RANGE_LOOP_ANALYSIS = YES;
				CLANG_WARN_STRICT_PROTOTYPES = YES;
				CLANG_WARN_SUSPICIOUS_MOVE = YES;
				CLANG_WARN_UNGUARDED_AVAILABILITY = YES_AGGRESSIVE;
				CLANG_WARN_UNREACHABLE_CODE = YES;
				CLANG_WARN__DUPLICATE_METHOD_MATCH = YES;
				COPY_PHASE_STRIP = NO;
				DEBUG_INFORMATION_FORMAT = dwarf;
				ENABLE_STRICT_OBJC_MSGSEND = YES;
				ENABLE_TESTABILITY = YES;
				GCC_C_LANGUAGE_STANDARD = gnu11;
				GCC_DYNAMIC_NO_PIC = NO;
				GCC_NO_COMMON_BLOCKS = YES;
				GCC_OPTIMIZATION_LEVEL = 0;
				GCC_PREPROCESSOR_DEFINITIONS = (
					"DEBUG=1",
					"$(inherited)",
				);
				GCC_WARN_64_TO_32_BIT_CONVERSION = YES;
				GCC_WARN_ABOUT_RETURN_TYPE = YES_ERROR;
				GCC_WARN_UNDECLARED_SELECTOR = YES;
				GCC_WARN_UNINITIALIZED_AUTOS = YES_AGGRESSIVE;
				GCC_WARN_UNUSED_FUNCTION = YES;
				GCC_WARN_UNUSED_VARIABLE = YES;
				IPHONEOS_DEPLOYMENT_TARGET = 13.2;
				MTL_ENABLE_DEBUG_INFO = INCLUDE_SOURCE;
				MTL_FAST_MATH = YES;
				ONLY_ACTIVE_ARCH = YES;
				SDKROOT = iphoneos;
			};
			name = Debug;
		};
		DD700B5D23D0653600C30BEC /* Release */ = {
			isa = XCBuildConfiguration;
			buildSettings = {
				ALWAYS_SEARCH_USER_PATHS = NO;
				CLANG_ANALYZER_NONNULL = YES;
				CLANG_ANALYZER_NUMBER_OBJECT_CONVERSION = YES_AGGRESSIVE;
				CLANG_CXX_LANGUAGE_STANDARD = "gnu++14";
				CLANG_CXX_LIBRARY = "libc++";
				CLANG_ENABLE_MODULES = YES;
				CLANG_ENABLE_OBJC_ARC = YES;
				CLANG_ENABLE_OBJC_WEAK = YES;
				CLANG_WARN_BLOCK_CAPTURE_AUTORELEASING = YES;
				CLANG_WARN_BOOL_CONVERSION = YES;
				CLANG_WARN_COMMA = YES;
				CLANG_WARN_CONSTANT_CONVERSION = YES;
				CLANG_WARN_DEPRECATED_OBJC_IMPLEMENTATIONS = YES;
				CLANG_WARN_DIRECT_OBJC_ISA_USAGE = YES_ERROR;
				CLANG_WARN_DOCUMENTATION_COMMENTS = YES;
				CLANG_WARN_EMPTY_BODY = YES;
				CLANG_WARN_ENUM_CONVERSION = YES;
				CLANG_WARN_INFINITE_RECURSION = YES;
				CLANG_WARN_INT_CONVERSION = YES;
				CLANG_WARN_NON_LITERAL_NULL_CONVERSION = YES;
				CLANG_WARN_OBJC_IMPLICIT_RETAIN_SELF = YES;
				CLANG_WARN_OBJC_LITERAL_CONVERSION = YES;
				CLANG_WARN_OBJC_ROOT_CLASS = YES_ERROR;
				CLANG_WARN_RANGE_LOOP_ANALYSIS = YES;
				CLANG_WARN_STRICT_PROTOTYPES = YES;
				CLANG_WARN_SUSPICIOUS_MOVE = YES;
				CLANG_WARN_UNGUARDED_AVAILABILITY = YES_AGGRESSIVE;
				CLANG_WARN_UNREACHABLE_CODE = YES;
				CLANG_WARN__DUPLICATE_METHOD_MATCH = YES;
				COPY_PHASE_STRIP = NO;
				DEBUG_INFORMATION_FORMAT = "dwarf-with-dsym";
				ENABLE_NS_ASSERTIONS = NO;
				ENABLE_STRICT_OBJC_MSGSEND = YES;
				GCC_C_LANGUAGE_STANDARD = gnu11;
				GCC_NO_COMMON_BLOCKS = YES;
				GCC_WARN_64_TO_32_BIT_CONVERSION = YES;
				GCC_WARN_ABOUT_RETURN_TYPE = YES_ERROR;
				GCC_WARN_UNDECLARED_SELECTOR = YES;
				GCC_WARN_UNINITIALIZED_AUTOS = YES_AGGRESSIVE;
				GCC_WARN_UNUSED_FUNCTION = YES;
				GCC_WARN_UNUSED_VARIABLE = YES;
				IPHONEOS_DEPLOYMENT_TARGET = 13.2;
				MTL_ENABLE_DEBUG_INFO = NO;
				MTL_FAST_MATH = YES;
				SDKROOT = iphoneos;
				VALIDATE_PRODUCT = YES;
			};
			name = Release;
		};
		DD700B5F23D0653600C30BEC /* Debug */ = {
			isa = XCBuildConfiguration;
			baseConfigurationReference = AB98A399204AAA5DB491649C /* Pods-Mp3Encoder.debug.xcconfig */;
			buildSettings = {
				ASSETCATALOG_COMPILER_APPICON_NAME = AppIcon;
				CODE_SIGN_STYLE = Automatic;
				INFOPLIST_FILE = Mp3Encoder/Info.plist;
				LD_RUNPATH_SEARCH_PATHS = (
					"$(inherited)",
					"@executable_path/Frameworks",
				);
				PRODUCT_BUNDLE_IDENTIFIER = cn.debugly.Mp3Encoder;
				PRODUCT_NAME = "$(TARGET_NAME)";
				TARGETED_DEVICE_FAMILY = "1,2";
			};
			name = Debug;
		};
		DD700B6023D0653600C30BEC /* Release */ = {
			isa = XCBuildConfiguration;
			baseConfigurationReference = 803998D31052333EB63F61CC /* Pods-Mp3Encoder.release.xcconfig */;
			buildSettings = {
				ASSETCATALOG_COMPILER_APPICON_NAME = AppIcon;
				CODE_SIGN_STYLE = Automatic;
				INFOPLIST_FILE = Mp3Encoder/Info.plist;
				LD_RUNPATH_SEARCH_PATHS = (
					"$(inherited)",
					"@executable_path/Frameworks",
				);
				PRODUCT_BUNDLE_IDENTIFIER = cn.debugly.Mp3Encoder;
				PRODUCT_NAME = "$(TARGET_NAME)";
				TARGETED_DEVICE_FAMILY = "1,2";
			};
			name = Release;
		};
/* End XCBuildConfiguration section */

/* Begin XCConfigurationList section */
		DD700B4023D0653200C30BEC /* Build configuration list for PBXProject "Mp3Encoder" */ = {
			isa = XCConfigurationList;
			buildConfigurations = (
				DD700B5C23D0653600C30BEC /* Debug */,
				DD700B5D23D0653600C30BEC /* Release */,
			);
			defaultConfigurationIsVisible = 0;
			defaultConfigurationName = Release;
		};
		DD700B5E23D0653600C30BEC /* Build configuration list for PBXNativeTarget "Mp3Encoder" */ = {
			isa = XCConfigurationList;
			buildConfigurations = (
				DD700B5F23D0653600C30BEC /* Debug */,
				DD700B6023D0653600C30BEC /* Release */,
			);
			defaultConfigurationIsVisible = 0;
			defaultConfigurationName = Release;
		};
/* End XCConfigurationList section */
	};
	rootObject = DD700B3D23D0653200C30BEC /* Project object */;
}
