PODS:
  - FFmpegTutorial (0.5.20):
    - FFmpegTutorial/0x01 (= 0.5.20)
    - FFmpegTutorial/0x02 (= 0.5.20)
    - FFmpegTutorial/0x03 (= 0.5.20)
    - FFmpegTutorial/0x04 (= 0.5.20)
    - FFmpegTutorial/0x05 (= 0.5.20)
    - FFmpegTutorial/0x06 (= 0.5.20)
    - FFmpegTutorial/0x10 (= 0.5.20)
    - FFmpegTutorial/0x20 (= 0.5.20)
    - FFmpegTutorial/0x30 (= 0.5.20)
    - FFmpegTutorial/0x31 (= 0.5.20)
    - FFmpegTutorial/0x32 (= 0.5.20)
    - FFmpegTutorial/0x33 (= 0.5.20)
    - FFmpegTutorial/0x34 (= 0.5.20)
    - FFmpegTutorial/0x35 (= 0.5.20)
    - FFmpegTutorial/0x36 (= 0.5.20)
    - FFmpegTutorial/0x50 (= 0.5.20)
    - FFmpegTutorial/common (= 0.5.20)
  - FFmpegTutorial/0x01 (0.5.20)
  - FFmpegTutorial/0x02 (0.5.20)
  - FFmpegTutorial/0x03 (0.5.20)
  - FFmpegTutorial/0x04 (0.5.20)
  - FFmpegTutorial/0x05 (0.5.20)
  - FFmpegTutorial/0x06 (0.5.20)
  - FFmpegTutorial/0x10 (0.5.20)
  - FFmpegTutorial/0x20 (0.5.20)
  - FFmpegTutorial/0x30 (0.5.20)
  - FFmpegTutorial/0x31 (0.5.20)
  - FFmpegTutorial/0x32 (0.5.20)
  - FFmpegTutorial/0x33 (0.5.20)
  - FFmpegTutorial/0x34 (0.5.20)
  - FFmpegTutorial/0x35 (0.5.20)
  - FFmpegTutorial/0x36 (0.5.20)
  - FFmpegTutorial/0x50 (0.5.20)
  - FFmpegTutorial/common (0.5.20)

DEPENDENCIES:
  - FFmpegTutorial (from `../../`)

EXTERNAL SOURCES:
  FFmpegTutorial:
    :path: "../../"

SPEC CHECKSUMS:
  FFmpegTutorial: a3a8917261798e4d0fa660c7abe096052190705d

PODFILE CHECKSUM: aca9cb3e2cdde3b748db4b4a87e90c94359b1c2a

COCOAPODS: 1.13.0
