PODS:
  - FFmpegTutorial (0.1.0):
    - FFmpegTutorial/0x01 (= 0.1.0)
    - FFmpegTutorial/0x02 (= 0.1.0)
    - MRFFmpegPod
  - FFmpegTutorial/0x01 (0.1.0):
    - MRFFmpegPod
  - FFmpegTutorial/0x02 (0.1.0):
    - MRFFmpegPod
  - MRFFmpegPod (3.4.7):
    - MRFFmpegPod/libavcodec (= 3.4.7)
    - MRFFmpegPod/libavformat (= 3.4.7)
    - MRFFmpegPod/libavutil (= 3.4.7)
    - MRFFmpegPod/libswresample (= 3.4.7)
    - MRFFmpegPod/libswscale (= 3.4.7)
  - MRFFmpegPod/libavcodec (3.4.7)
  - MRFFmpegPod/libavformat (3.4.7)
  - MRFFmpegPod/libavutil (3.4.7)
  - MRFFmpegPod/libswresample (3.4.7)
  - MRFFmpegPod/libswscale (3.4.7)

DEPENDENCIES:
  - FFmpegTutorial (from `../../`)
  - MRFFmpegPod (from `https://qipai.56.com/dev/ifox/ffpods/MRFFmpeg3.4.7.podspec`)

EXTERNAL SOURCES:
  FFmpegTutorial:
    :path: "../../"
  MRFFmpegPod:
    :podspec: https://qipai.56.com/dev/ifox/ffpods/MRFFmpeg3.4.7.podspec

SPEC CHECKSUMS:
  FFmpegTutorial: 3cfd372109ec1097aeaaa0ef10d2b0216c385fdc
  MRFFmpegPod: 02be39b414c2e1119e9f71541aee56ddb8f1afa5

PODFILE CHECKSUM: a28cbe150e3638637a41c3536941a0c01fa14ad3

COCOAPODS: 1.9.1
