// !$*UTF8*$!
{
	archiveVersion = 1;
	classes = {
	};
	objectVersion = 46;
	objects = {

/* Begin PBXBuildFile section */
		6003F58E195388D20070C39A /* Foundation.framework in Frameworks */ = {isa = PBXBuildFile; fileRef = 6003F58D195388D20070C39A /* Foundation.framework */; };
		6003F590195388D20070C39A /* CoreGraphics.framework in Frameworks */ = {isa = PBXBuildFile; fileRef = 6003F58F195388D20070C39A /* CoreGraphics.framework */; };
		6003F592195388D20070C39A /* UIKit.framework in Frameworks */ = {isa = PBXBuildFile; fileRef = 6003F591195388D20070C39A /* UIKit.framework */; };
		6003F598195388D20070C39A /* InfoPlist.strings in Resources */ = {isa = PBXBuildFile; fileRef = 6003F596195388D20070C39A /* InfoPlist.strings */; };
		6003F59A195388D20070C39A /* main.m in Sources */ = {isa = PBXBuildFile; fileRef = 6003F599195388D20070C39A /* main.m */; };
		6003F59E195388D20070C39A /* MRAppDelegate.m in Sources */ = {isa = PBXBuildFile; fileRef = 6003F59D195388D20070C39A /* MRAppDelegate.m */; };
		6003F5A9195388D20070C39A /* Images.xcassets in Resources */ = {isa = PBXBuildFile; fileRef = 6003F5A8195388D20070C39A /* Images.xcassets */; };
		71719F9F1E33DC2100824A3D /* LaunchScreen.storyboard in Resources */ = {isa = PBXBuildFile; fileRef = 71719F9D1E33DC2100824A3D /* LaunchScreen.storyboard */; };
		873B8AEB1B1F5CCA007FD442 /* Main.storyboard in Resources */ = {isa = PBXBuildFile; fileRef = 873B8AEA1B1F5CCA007FD442 /* Main.storyboard */; };
		D09D3CC417BCC9F4FAEDBE9F /* Pods_FFmpegTutorial_iOS.framework in Frameworks */ = {isa = PBXBuildFile; fileRef = B07FE59876DF5855B63B887A /* Pods_FFmpegTutorial_iOS.framework */; };
		DD2EADF6244C923600B057DE /* MRNavigationController.m in Sources */ = {isa = PBXBuildFile; fileRef = DD2EADF5244C923600B057DE /* MRNavigationController.m */; };
		DD2EADF9244C9CE500B057DE /* MRTableViewController.m in Sources */ = {isa = PBXBuildFile; fileRef = DD2EADF8244C9CE500B057DE /* MRTableViewController.m */; };
		DDBFF18D28CA371A00AFCE44 /* MR0x01ViewController.xib in Resources */ = {isa = PBXBuildFile; fileRef = DDBFF18C28CA371A00AFCE44 /* MR0x01ViewController.xib */; };
		DDBFF19128CB7F2E00AFCE44 /* MR0x02ViewController.m in Sources */ = {isa = PBXBuildFile; fileRef = DDBFF19028CB7F2E00AFCE44 /* MR0x02ViewController.m */; };
		DDBFF19328CB802600AFCE44 /* MR0x02ViewController.xib in Resources */ = {isa = PBXBuildFile; fileRef = DDBFF19228CB802600AFCE44 /* MR0x02ViewController.xib */; };
		DDBFF19928CB865600AFCE44 /* MR0x03ViewController.m in Sources */ = {isa = PBXBuildFile; fileRef = DDBFF19728CB865600AFCE44 /* MR0x03ViewController.m */; };
		DDBFF19A28CB865600AFCE44 /* MR0x03ViewController.xib in Resources */ = {isa = PBXBuildFile; fileRef = DDBFF19828CB865600AFCE44 /* MR0x03ViewController.xib */; };
		DDBFF19F28CDB93200AFCE44 /* MR0x04ViewController.m in Sources */ = {isa = PBXBuildFile; fileRef = DDBFF19D28CDB93200AFCE44 /* MR0x04ViewController.m */; };
		DDBFF1A028CDB93200AFCE44 /* MR0x04ViewController.xib in Resources */ = {isa = PBXBuildFile; fileRef = DDBFF19E28CDB93200AFCE44 /* MR0x04ViewController.xib */; };
		DDBFF1A528CDBFC000AFCE44 /* MR0x05ViewController.m in Sources */ = {isa = PBXBuildFile; fileRef = DDBFF1A328CDBFC000AFCE44 /* MR0x05ViewController.m */; };
		DDBFF1A628CDBFC000AFCE44 /* MR0x05ViewController.xib in Resources */ = {isa = PBXBuildFile; fileRef = DDBFF1A428CDBFC000AFCE44 /* MR0x05ViewController.xib */; };
		DDBFF1AB28CDC26500AFCE44 /* MR0x06ViewController.m in Sources */ = {isa = PBXBuildFile; fileRef = DDBFF1A828CDC26500AFCE44 /* MR0x06ViewController.m */; };
		DDBFF1AC28CDC26500AFCE44 /* MR0x06ViewController.xib in Resources */ = {isa = PBXBuildFile; fileRef = DDBFF1A928CDC26500AFCE44 /* MR0x06ViewController.xib */; };
		DDBFF1B128CDC47200AFCE44 /* MR0x10ViewController.xib in Resources */ = {isa = PBXBuildFile; fileRef = DDBFF1AE28CDC47200AFCE44 /* MR0x10ViewController.xib */; };
		DDBFF1B228CDC47200AFCE44 /* MR0x10ViewController.m in Sources */ = {isa = PBXBuildFile; fileRef = DDBFF1AF28CDC47200AFCE44 /* MR0x10ViewController.m */; };
		DDBFF1B928CDC7D500AFCE44 /* MR0x11ViewController.xib in Resources */ = {isa = PBXBuildFile; fileRef = DDBFF1B428CDC7D500AFCE44 /* MR0x11ViewController.xib */; };
		DDBFF1BA28CDC7D500AFCE44 /* MR0x11ViewController.m in Sources */ = {isa = PBXBuildFile; fileRef = DDBFF1B528CDC7D500AFCE44 /* MR0x11ViewController.m */; };
		DDBFF1BB28CDC7D500AFCE44 /* MR0x11VideoRenderer.m in Sources */ = {isa = PBXBuildFile; fileRef = DDBFF1B828CDC7D500AFCE44 /* MR0x11VideoRenderer.m */; };
		DDBFF1C228CDE09900AFCE44 /* MR0x12ViewController.xib in Resources */ = {isa = PBXBuildFile; fileRef = DDBFF1BF28CDE09800AFCE44 /* MR0x12ViewController.xib */; };
		DDBFF1C328CDE09900AFCE44 /* MR0x12ViewController.m in Sources */ = {isa = PBXBuildFile; fileRef = DDBFF1C028CDE09800AFCE44 /* MR0x12ViewController.m */; };
		DDBFF1C428CDE09900AFCE44 /* MR0x12VideoRenderer.m in Sources */ = {isa = PBXBuildFile; fileRef = DDBFF1C128CDE09800AFCE44 /* MR0x12VideoRenderer.m */; };
		DDBFF1CB28CDE32400AFCE44 /* MR0x13ViewController.xib in Resources */ = {isa = PBXBuildFile; fileRef = DDBFF1C728CDE32400AFCE44 /* MR0x13ViewController.xib */; };
		DDBFF1CC28CDE32400AFCE44 /* MR0x13VideoRenderer.m in Sources */ = {isa = PBXBuildFile; fileRef = DDBFF1C928CDE32400AFCE44 /* MR0x13VideoRenderer.m */; };
		DDBFF1CD28CDE32400AFCE44 /* MR0x13ViewController.m in Sources */ = {isa = PBXBuildFile; fileRef = DDBFF1CA28CDE32400AFCE44 /* MR0x13ViewController.m */; };
		DDBFF1D628CDE7C900AFCE44 /* MR0x14VideoRenderer.m in Sources */ = {isa = PBXBuildFile; fileRef = DDBFF1D128CDE7C900AFCE44 /* MR0x14VideoRenderer.m */; };
		DDBFF1D928CDE7C900AFCE44 /* MR0x14ViewController.m in Sources */ = {isa = PBXBuildFile; fileRef = DDBFF1D528CDE7C900AFCE44 /* MR0x14ViewController.m */; };
		DDBFF1DB28CDE86A00AFCE44 /* MR0x14ViewController.xib in Resources */ = {isa = PBXBuildFile; fileRef = DDBFF1DA28CDE86A00AFCE44 /* MR0x14ViewController.xib */; };
		DDF9224128E6C9AC00F29C1A /* MR0x141OpenGLHelper.m in Sources */ = {isa = PBXBuildFile; fileRef = DDF9224028E6C9AC00F29C1A /* MR0x141OpenGLHelper.m */; };
		DDF9224928E6EC5500F29C1A /* MR0x141ViewController.xib in Resources */ = {isa = PBXBuildFile; fileRef = DDF9224628E6EC5500F29C1A /* MR0x141ViewController.xib */; };
		DDF9224A28E6EC5500F29C1A /* MR0x141ViewController.m in Sources */ = {isa = PBXBuildFile; fileRef = DDF9224728E6EC5500F29C1A /* MR0x141ViewController.m */; };
		DDF9224B28E6EC5500F29C1A /* MR0x141VideoRenderer.m in Sources */ = {isa = PBXBuildFile; fileRef = DDF9224828E6EC5500F29C1A /* MR0x141VideoRenderer.m */; };
		DDF9224E28E6EC9F00F29C1A /* MR0x141OpenGLCompiler.m in Sources */ = {isa = PBXBuildFile; fileRef = DDF9224C28E6EC9F00F29C1A /* MR0x141OpenGLCompiler.m */; };
		DDF9225228E6ECB700F29C1A /* 2_sampler2D.fsh in Resources */ = {isa = PBXBuildFile; fileRef = DDF9225028E6ECB700F29C1A /* 2_sampler2D.fsh */; };
		DDF9225328E6ECB700F29C1A /* common.vsh in Resources */ = {isa = PBXBuildFile; fileRef = DDF9225128E6ECB700F29C1A /* common.vsh */; };
		DDF9225E28E7184700F29C1A /* 3_sampler2D.fsh in Resources */ = {isa = PBXBuildFile; fileRef = DDF9225D28E7184700F29C1A /* 3_sampler2D.fsh */; };
		DDF9226928E7341800F29C1A /* 2_sampler2D_NV21.fsh in Resources */ = {isa = PBXBuildFile; fileRef = DDF9226828E7341800F29C1A /* 2_sampler2D_NV21.fsh */; };
		DDF9227428E73BCA00F29C1A /* 1_sampler2D.fsh in Resources */ = {isa = PBXBuildFile; fileRef = DDF9227328E73BCA00F29C1A /* 1_sampler2D.fsh */; };
		DDF9227B28E73D6400F29C1A /* MR0x151ViewController.xib in Resources */ = {isa = PBXBuildFile; fileRef = DDF9227728E73D6400F29C1A /* MR0x151ViewController.xib */; };
		DDF9227C28E73D6400F29C1A /* MR0x151VideoRenderer.m in Sources */ = {isa = PBXBuildFile; fileRef = DDF9227928E73D6400F29C1A /* MR0x151VideoRenderer.m */; };
		DDF9227D28E73D6400F29C1A /* MR0x151ViewController.m in Sources */ = {isa = PBXBuildFile; fileRef = DDF9227A28E73D6400F29C1A /* MR0x151ViewController.m */; };
		DDF9229028E7F6BD00F29C1A /* MR0x142ViewController.m in Sources */ = {isa = PBXBuildFile; fileRef = DDF9227F28E7F6BC00F29C1A /* MR0x142ViewController.m */; };
		DDF9229128E7F6BD00F29C1A /* MR0x142VideoRenderer.m in Sources */ = {isa = PBXBuildFile; fileRef = DDF9228128E7F6BC00F29C1A /* MR0x142VideoRenderer.m */; };
		DDF9229228E7F6BD00F29C1A /* MR0x142ViewController.xib in Resources */ = {isa = PBXBuildFile; fileRef = DDF9228328E7F6BC00F29C1A /* MR0x142ViewController.xib */; };
		DDF9229328E7F6BD00F29C1A /* MR0x143ViewController.m in Sources */ = {isa = PBXBuildFile; fileRef = DDF9228628E7F6BC00F29C1A /* MR0x143ViewController.m */; };
		DDF9229428E7F6BD00F29C1A /* MR0x143VideoRenderer.m in Sources */ = {isa = PBXBuildFile; fileRef = DDF9228728E7F6BC00F29C1A /* MR0x143VideoRenderer.m */; };
		DDF9229528E7F6BD00F29C1A /* MR0x143ViewController.xib in Resources */ = {isa = PBXBuildFile; fileRef = DDF9228928E7F6BC00F29C1A /* MR0x143ViewController.xib */; };
		DDF9229628E7F6BD00F29C1A /* MR0x144ViewController.m in Sources */ = {isa = PBXBuildFile; fileRef = DDF9228C28E7F6BD00F29C1A /* MR0x144ViewController.m */; };
		DDF9229728E7F6BD00F29C1A /* MR0x144ViewController.xib in Resources */ = {isa = PBXBuildFile; fileRef = DDF9228D28E7F6BD00F29C1A /* MR0x144ViewController.xib */; };
		DDF9229828E7F6BD00F29C1A /* MR0x144VideoRenderer.m in Sources */ = {isa = PBXBuildFile; fileRef = DDF9228E28E7F6BD00F29C1A /* MR0x144VideoRenderer.m */; };
		DDF9BFFA259DC06A00B1D3EC /* MRRWeakProxy.m in Sources */ = {isa = PBXBuildFile; fileRef = DDF9BFF8259DC06A00B1D3EC /* MRRWeakProxy.m */; };
		DDFA39DB24B872DC005C6430 /* MR0x01ViewController.m in Sources */ = {isa = PBXBuildFile; fileRef = DDFA39A524B872DB005C6430 /* MR0x01ViewController.m */; };
/* End PBXBuildFile section */

/* Begin PBXFileReference section */
		6003F58A195388D20070C39A /* FFmpegTutorial.app */ = {isa = PBXFileReference; explicitFileType = wrapper.application; includeInIndex = 0; path = FFmpegTutorial.app; sourceTree = BUILT_PRODUCTS_DIR; };
		6003F58D195388D20070C39A /* Foundation.framework */ = {isa = PBXFileReference; lastKnownFileType = wrapper.framework; name = Foundation.framework; path = System/Library/Frameworks/Foundation.framework; sourceTree = SDKROOT; };
		6003F58F195388D20070C39A /* CoreGraphics.framework */ = {isa = PBXFileReference; lastKnownFileType = wrapper.framework; name = CoreGraphics.framework; path = System/Library/Frameworks/CoreGraphics.framework; sourceTree = SDKROOT; };
		6003F591195388D20070C39A /* UIKit.framework */ = {isa = PBXFileReference; lastKnownFileType = wrapper.framework; name = UIKit.framework; path = System/Library/Frameworks/UIKit.framework; sourceTree = SDKROOT; };
		6003F595195388D20070C39A /* FFmpegTutorial-iOS.plist */ = {isa = PBXFileReference; lastKnownFileType = text.plist.xml; path = "FFmpegTutorial-iOS.plist"; sourceTree = "<group>"; };
		6003F597195388D20070C39A /* en */ = {isa = PBXFileReference; lastKnownFileType = text.plist.strings; name = en; path = en.lproj/InfoPlist.strings; sourceTree = "<group>"; };
		6003F599195388D20070C39A /* main.m */ = {isa = PBXFileReference; lastKnownFileType = sourcecode.c.objc; path = main.m; sourceTree = "<group>"; };
		6003F59B195388D20070C39A /* FFmpegTutorial-iOS.pch */ = {isa = PBXFileReference; lastKnownFileType = sourcecode.c.h; path = "FFmpegTutorial-iOS.pch"; sourceTree = "<group>"; };
		6003F59C195388D20070C39A /* MRAppDelegate.h */ = {isa = PBXFileReference; lastKnownFileType = sourcecode.c.h; path = MRAppDelegate.h; sourceTree = "<group>"; };
		6003F59D195388D20070C39A /* MRAppDelegate.m */ = {isa = PBXFileReference; lastKnownFileType = sourcecode.c.objc; path = MRAppDelegate.m; sourceTree = "<group>"; };
		6003F5A8195388D20070C39A /* Images.xcassets */ = {isa = PBXFileReference; lastKnownFileType = folder.assetcatalog; path = Images.xcassets; sourceTree = "<group>"; };
		6003F5AF195388D20070C39A /* XCTest.framework */ = {isa = PBXFileReference; lastKnownFileType = wrapper.framework; name = XCTest.framework; path = Library/Frameworks/XCTest.framework; sourceTree = DEVELOPER_DIR; };
		71719F9E1E33DC2100824A3D /* Base */ = {isa = PBXFileReference; lastKnownFileType = file.storyboard; name = Base; path = Base.lproj/LaunchScreen.storyboard; sourceTree = "<group>"; };
		873B8AEA1B1F5CCA007FD442 /* Main.storyboard */ = {isa = PBXFileReference; fileEncoding = 4; lastKnownFileType = file.storyboard; path = Main.storyboard; sourceTree = "<group>"; };
		8AFD9C05D63093CAE7B71E20 /* Pods-FFmpegTutorial-iOS.release.xcconfig */ = {isa = PBXFileReference; includeInIndex = 1; lastKnownFileType = text.xcconfig; name = "Pods-FFmpegTutorial-iOS.release.xcconfig"; path = "Target Support Files/Pods-FFmpegTutorial-iOS/Pods-FFmpegTutorial-iOS.release.xcconfig"; sourceTree = "<group>"; };
		B07FE59876DF5855B63B887A /* Pods_FFmpegTutorial_iOS.framework */ = {isa = PBXFileReference; explicitFileType = wrapper.framework; includeInIndex = 0; path = Pods_FFmpegTutorial_iOS.framework; sourceTree = BUILT_PRODUCTS_DIR; };
		DD2EADF4244C923600B057DE /* MRNavigationController.h */ = {isa = PBXFileReference; lastKnownFileType = sourcecode.c.h; path = MRNavigationController.h; sourceTree = "<group>"; };
		DD2EADF5244C923600B057DE /* MRNavigationController.m */ = {isa = PBXFileReference; lastKnownFileType = sourcecode.c.objc; path = MRNavigationController.m; sourceTree = "<group>"; };
		DD2EADF7244C9CE500B057DE /* MRTableViewController.h */ = {isa = PBXFileReference; lastKnownFileType = sourcecode.c.h; path = MRTableViewController.h; sourceTree = "<group>"; };
		DD2EADF8244C9CE500B057DE /* MRTableViewController.m */ = {isa = PBXFileReference; lastKnownFileType = sourcecode.c.objc; path = MRTableViewController.m; sourceTree = "<group>"; };
		DD5BA15C248893A20093D46C /* FFmpegTutorial-iOS-Bridging-Header.h */ = {isa = PBXFileReference; lastKnownFileType = sourcecode.c.h; path = "FFmpegTutorial-iOS-Bridging-Header.h"; sourceTree = "<group>"; };
		DDBFF18C28CA371A00AFCE44 /* MR0x01ViewController.xib */ = {isa = PBXFileReference; lastKnownFileType = file.xib; path = MR0x01ViewController.xib; sourceTree = "<group>"; };
		DDBFF18F28CB7F2E00AFCE44 /* MR0x02ViewController.h */ = {isa = PBXFileReference; fileEncoding = 4; lastKnownFileType = sourcecode.c.h; path = MR0x02ViewController.h; sourceTree = "<group>"; };
		DDBFF19028CB7F2E00AFCE44 /* MR0x02ViewController.m */ = {isa = PBXFileReference; fileEncoding = 4; lastKnownFileType = sourcecode.c.objc; path = MR0x02ViewController.m; sourceTree = "<group>"; };
		DDBFF19228CB802600AFCE44 /* MR0x02ViewController.xib */ = {isa = PBXFileReference; lastKnownFileType = file.xib; path = MR0x02ViewController.xib; sourceTree = "<group>"; };
		DDBFF19628CB865600AFCE44 /* MR0x03ViewController.h */ = {isa = PBXFileReference; lastKnownFileType = sourcecode.c.h; path = MR0x03ViewController.h; sourceTree = "<group>"; };
		DDBFF19728CB865600AFCE44 /* MR0x03ViewController.m */ = {isa = PBXFileReference; lastKnownFileType = sourcecode.c.objc; path = MR0x03ViewController.m; sourceTree = "<group>"; };
		DDBFF19828CB865600AFCE44 /* MR0x03ViewController.xib */ = {isa = PBXFileReference; lastKnownFileType = file.xib; path = MR0x03ViewController.xib; sourceTree = "<group>"; };
		DDBFF19C28CDB93200AFCE44 /* MR0x04ViewController.h */ = {isa = PBXFileReference; fileEncoding = 4; lastKnownFileType = sourcecode.c.h; path = MR0x04ViewController.h; sourceTree = "<group>"; };
		DDBFF19D28CDB93200AFCE44 /* MR0x04ViewController.m */ = {isa = PBXFileReference; fileEncoding = 4; lastKnownFileType = sourcecode.c.objc; path = MR0x04ViewController.m; sourceTree = "<group>"; };
		DDBFF19E28CDB93200AFCE44 /* MR0x04ViewController.xib */ = {isa = PBXFileReference; fileEncoding = 4; lastKnownFileType = file.xib; path = MR0x04ViewController.xib; sourceTree = "<group>"; };
		DDBFF1A228CDBFC000AFCE44 /* MR0x05ViewController.h */ = {isa = PBXFileReference; fileEncoding = 4; lastKnownFileType = sourcecode.c.h; path = MR0x05ViewController.h; sourceTree = "<group>"; };
		DDBFF1A328CDBFC000AFCE44 /* MR0x05ViewController.m */ = {isa = PBXFileReference; fileEncoding = 4; lastKnownFileType = sourcecode.c.objc; path = MR0x05ViewController.m; sourceTree = "<group>"; };
		DDBFF1A428CDBFC000AFCE44 /* MR0x05ViewController.xib */ = {isa = PBXFileReference; fileEncoding = 4; lastKnownFileType = file.xib; path = MR0x05ViewController.xib; sourceTree = "<group>"; };
		DDBFF1A828CDC26500AFCE44 /* MR0x06ViewController.m */ = {isa = PBXFileReference; fileEncoding = 4; lastKnownFileType = sourcecode.c.objc; path = MR0x06ViewController.m; sourceTree = "<group>"; };
		DDBFF1A928CDC26500AFCE44 /* MR0x06ViewController.xib */ = {isa = PBXFileReference; fileEncoding = 4; lastKnownFileType = file.xib; path = MR0x06ViewController.xib; sourceTree = "<group>"; };
		DDBFF1AA28CDC26500AFCE44 /* MR0x06ViewController.h */ = {isa = PBXFileReference; fileEncoding = 4; lastKnownFileType = sourcecode.c.h; path = MR0x06ViewController.h; sourceTree = "<group>"; };
		DDBFF1AE28CDC47200AFCE44 /* MR0x10ViewController.xib */ = {isa = PBXFileReference; fileEncoding = 4; lastKnownFileType = file.xib; path = MR0x10ViewController.xib; sourceTree = "<group>"; };
		DDBFF1AF28CDC47200AFCE44 /* MR0x10ViewController.m */ = {isa = PBXFileReference; fileEncoding = 4; lastKnownFileType = sourcecode.c.objc; path = MR0x10ViewController.m; sourceTree = "<group>"; };
		DDBFF1B028CDC47200AFCE44 /* MR0x10ViewController.h */ = {isa = PBXFileReference; fileEncoding = 4; lastKnownFileType = sourcecode.c.h; path = MR0x10ViewController.h; sourceTree = "<group>"; };
		DDBFF1B428CDC7D500AFCE44 /* MR0x11ViewController.xib */ = {isa = PBXFileReference; fileEncoding = 4; lastKnownFileType = file.xib; path = MR0x11ViewController.xib; sourceTree = "<group>"; };
		DDBFF1B528CDC7D500AFCE44 /* MR0x11ViewController.m */ = {isa = PBXFileReference; fileEncoding = 4; lastKnownFileType = sourcecode.c.objc; path = MR0x11ViewController.m; sourceTree = "<group>"; };
		DDBFF1B628CDC7D500AFCE44 /* MR0x11VideoRenderer.h */ = {isa = PBXFileReference; fileEncoding = 4; lastKnownFileType = sourcecode.c.h; path = MR0x11VideoRenderer.h; sourceTree = "<group>"; };
		DDBFF1B728CDC7D500AFCE44 /* MR0x11ViewController.h */ = {isa = PBXFileReference; fileEncoding = 4; lastKnownFileType = sourcecode.c.h; path = MR0x11ViewController.h; sourceTree = "<group>"; };
		DDBFF1B828CDC7D500AFCE44 /* MR0x11VideoRenderer.m */ = {isa = PBXFileReference; fileEncoding = 4; lastKnownFileType = sourcecode.c.objc; path = MR0x11VideoRenderer.m; sourceTree = "<group>"; };
		DDBFF1BD28CDE09800AFCE44 /* MR0x12ViewController.h */ = {isa = PBXFileReference; fileEncoding = 4; lastKnownFileType = sourcecode.c.h; path = MR0x12ViewController.h; sourceTree = "<group>"; };
		DDBFF1BE28CDE09800AFCE44 /* MR0x12VideoRenderer.h */ = {isa = PBXFileReference; fileEncoding = 4; lastKnownFileType = sourcecode.c.h; path = MR0x12VideoRenderer.h; sourceTree = "<group>"; };
		DDBFF1BF28CDE09800AFCE44 /* MR0x12ViewController.xib */ = {isa = PBXFileReference; fileEncoding = 4; lastKnownFileType = file.xib; path = MR0x12ViewController.xib; sourceTree = "<group>"; };
		DDBFF1C028CDE09800AFCE44 /* MR0x12ViewController.m */ = {isa = PBXFileReference; fileEncoding = 4; lastKnownFileType = sourcecode.c.objc; path = MR0x12ViewController.m; sourceTree = "<group>"; };
		DDBFF1C128CDE09800AFCE44 /* MR0x12VideoRenderer.m */ = {isa = PBXFileReference; fileEncoding = 4; lastKnownFileType = sourcecode.c.objc; path = MR0x12VideoRenderer.m; sourceTree = "<group>"; };
		DDBFF1C628CDE32400AFCE44 /* MR0x13VideoRenderer.h */ = {isa = PBXFileReference; fileEncoding = 4; lastKnownFileType = sourcecode.c.h; path = MR0x13VideoRenderer.h; sourceTree = "<group>"; };
		DDBFF1C728CDE32400AFCE44 /* MR0x13ViewController.xib */ = {isa = PBXFileReference; fileEncoding = 4; lastKnownFileType = file.xib; path = MR0x13ViewController.xib; sourceTree = "<group>"; };
		DDBFF1C828CDE32400AFCE44 /* MR0x13ViewController.h */ = {isa = PBXFileReference; fileEncoding = 4; lastKnownFileType = sourcecode.c.h; path = MR0x13ViewController.h; sourceTree = "<group>"; };
		DDBFF1C928CDE32400AFCE44 /* MR0x13VideoRenderer.m */ = {isa = PBXFileReference; fileEncoding = 4; lastKnownFileType = sourcecode.c.objc; path = MR0x13VideoRenderer.m; sourceTree = "<group>"; };
		DDBFF1CA28CDE32400AFCE44 /* MR0x13ViewController.m */ = {isa = PBXFileReference; fileEncoding = 4; lastKnownFileType = sourcecode.c.objc; path = MR0x13ViewController.m; sourceTree = "<group>"; };
		DDBFF1CF28CDE7C900AFCE44 /* MR0x14VideoRenderer.h */ = {isa = PBXFileReference; fileEncoding = 4; lastKnownFileType = sourcecode.c.h; path = MR0x14VideoRenderer.h; sourceTree = "<group>"; };
		DDBFF1D028CDE7C900AFCE44 /* MR0x14ViewController.h */ = {isa = PBXFileReference; fileEncoding = 4; lastKnownFileType = sourcecode.c.h; path = MR0x14ViewController.h; sourceTree = "<group>"; };
		DDBFF1D128CDE7C900AFCE44 /* MR0x14VideoRenderer.m */ = {isa = PBXFileReference; fileEncoding = 4; lastKnownFileType = sourcecode.c.objc; path = MR0x14VideoRenderer.m; sourceTree = "<group>"; };
		DDBFF1D528CDE7C900AFCE44 /* MR0x14ViewController.m */ = {isa = PBXFileReference; fileEncoding = 4; lastKnownFileType = sourcecode.c.objc; path = MR0x14ViewController.m; sourceTree = "<group>"; };
		DDBFF1DA28CDE86A00AFCE44 /* MR0x14ViewController.xib */ = {isa = PBXFileReference; fileEncoding = 4; lastKnownFileType = file.xib; path = MR0x14ViewController.xib; sourceTree = "<group>"; };
		DDF9223F28E6C9AC00F29C1A /* MR0x141OpenGLHelper.h */ = {isa = PBXFileReference; lastKnownFileType = sourcecode.c.h; path = MR0x141OpenGLHelper.h; sourceTree = "<group>"; };
		DDF9224028E6C9AC00F29C1A /* MR0x141OpenGLHelper.m */ = {isa = PBXFileReference; lastKnownFileType = sourcecode.c.objc; path = MR0x141OpenGLHelper.m; sourceTree = "<group>"; };
		DDF9224428E6EC5500F29C1A /* MR0x141ViewController.h */ = {isa = PBXFileReference; fileEncoding = 4; lastKnownFileType = sourcecode.c.h; path = MR0x141ViewController.h; sourceTree = "<group>"; };
		DDF9224528E6EC5500F29C1A /* MR0x141VideoRenderer.h */ = {isa = PBXFileReference; fileEncoding = 4; lastKnownFileType = sourcecode.c.h; path = MR0x141VideoRenderer.h; sourceTree = "<group>"; };
		DDF9224628E6EC5500F29C1A /* MR0x141ViewController.xib */ = {isa = PBXFileReference; fileEncoding = 4; lastKnownFileType = file.xib; path = MR0x141ViewController.xib; sourceTree = "<group>"; };
		DDF9224728E6EC5500F29C1A /* MR0x141ViewController.m */ = {isa = PBXFileReference; fileEncoding = 4; lastKnownFileType = sourcecode.c.objc; path = MR0x141ViewController.m; sourceTree = "<group>"; };
		DDF9224828E6EC5500F29C1A /* MR0x141VideoRenderer.m */ = {isa = PBXFileReference; fileEncoding = 4; lastKnownFileType = sourcecode.c.objc; path = MR0x141VideoRenderer.m; sourceTree = "<group>"; };
		DDF9224C28E6EC9F00F29C1A /* MR0x141OpenGLCompiler.m */ = {isa = PBXFileReference; fileEncoding = 4; lastKnownFileType = sourcecode.c.objc; path = MR0x141OpenGLCompiler.m; sourceTree = "<group>"; };
		DDF9224D28E6EC9F00F29C1A /* MR0x141OpenGLCompiler.h */ = {isa = PBXFileReference; fileEncoding = 4; lastKnownFileType = sourcecode.c.h; path = MR0x141OpenGLCompiler.h; sourceTree = "<group>"; };
		DDF9225028E6ECB700F29C1A /* 2_sampler2D.fsh */ = {isa = PBXFileReference; fileEncoding = 4; lastKnownFileType = sourcecode.glsl; path = 2_sampler2D.fsh; sourceTree = "<group>"; };
		DDF9225128E6ECB700F29C1A /* common.vsh */ = {isa = PBXFileReference; fileEncoding = 4; lastKnownFileType = sourcecode.glsl; path = common.vsh; sourceTree = "<group>"; };
		DDF9225D28E7184700F29C1A /* 3_sampler2D.fsh */ = {isa = PBXFileReference; fileEncoding = 4; lastKnownFileType = sourcecode.glsl; path = 3_sampler2D.fsh; sourceTree = "<group>"; };
		DDF9226828E7341800F29C1A /* 2_sampler2D_NV21.fsh */ = {isa = PBXFileReference; fileEncoding = 4; lastKnownFileType = sourcecode.glsl; path = 2_sampler2D_NV21.fsh; sourceTree = "<group>"; };
		DDF9227328E73BCA00F29C1A /* 1_sampler2D.fsh */ = {isa = PBXFileReference; fileEncoding = 4; lastKnownFileType = sourcecode.glsl; path = 1_sampler2D.fsh; sourceTree = "<group>"; };
		DDF9227628E73D6400F29C1A /* MR0x151VideoRenderer.h */ = {isa = PBXFileReference; fileEncoding = 4; lastKnownFileType = sourcecode.c.h; path = MR0x151VideoRenderer.h; sourceTree = "<group>"; };
		DDF9227728E73D6400F29C1A /* MR0x151ViewController.xib */ = {isa = PBXFileReference; fileEncoding = 4; lastKnownFileType = file.xib; path = MR0x151ViewController.xib; sourceTree = "<group>"; };
		DDF9227828E73D6400F29C1A /* MR0x151ViewController.h */ = {isa = PBXFileReference; fileEncoding = 4; lastKnownFileType = sourcecode.c.h; path = MR0x151ViewController.h; sourceTree = "<group>"; };
		DDF9227928E73D6400F29C1A /* MR0x151VideoRenderer.m */ = {isa = PBXFileReference; fileEncoding = 4; lastKnownFileType = sourcecode.c.objc; path = MR0x151VideoRenderer.m; sourceTree = "<group>"; };
		DDF9227A28E73D6400F29C1A /* MR0x151ViewController.m */ = {isa = PBXFileReference; fileEncoding = 4; lastKnownFileType = sourcecode.c.objc; path = MR0x151ViewController.m; sourceTree = "<group>"; };
		DDF9227F28E7F6BC00F29C1A /* MR0x142ViewController.m */ = {isa = PBXFileReference; fileEncoding = 4; lastKnownFileType = sourcecode.c.objc; path = MR0x142ViewController.m; sourceTree = "<group>"; };
		DDF9228028E7F6BC00F29C1A /* MR0x142VideoRenderer.h */ = {isa = PBXFileReference; fileEncoding = 4; lastKnownFileType = sourcecode.c.h; path = MR0x142VideoRenderer.h; sourceTree = "<group>"; };
		DDF9228128E7F6BC00F29C1A /* MR0x142VideoRenderer.m */ = {isa = PBXFileReference; fileEncoding = 4; lastKnownFileType = sourcecode.c.objc; path = MR0x142VideoRenderer.m; sourceTree = "<group>"; };
		DDF9228228E7F6BC00F29C1A /* MR0x142ViewController.h */ = {isa = PBXFileReference; fileEncoding = 4; lastKnownFileType = sourcecode.c.h; path = MR0x142ViewController.h; sourceTree = "<group>"; };
		DDF9228328E7F6BC00F29C1A /* MR0x142ViewController.xib */ = {isa = PBXFileReference; fileEncoding = 4; lastKnownFileType = file.xib; path = MR0x142ViewController.xib; sourceTree = "<group>"; };
		DDF9228528E7F6BC00F29C1A /* MR0x143VideoRenderer.h */ = {isa = PBXFileReference; fileEncoding = 4; lastKnownFileType = sourcecode.c.h; path = MR0x143VideoRenderer.h; sourceTree = "<group>"; };
		DDF9228628E7F6BC00F29C1A /* MR0x143ViewController.m */ = {isa = PBXFileReference; fileEncoding = 4; lastKnownFileType = sourcecode.c.objc; path = MR0x143ViewController.m; sourceTree = "<group>"; };
		DDF9228728E7F6BC00F29C1A /* MR0x143VideoRenderer.m */ = {isa = PBXFileReference; fileEncoding = 4; lastKnownFileType = sourcecode.c.objc; path = MR0x143VideoRenderer.m; sourceTree = "<group>"; };
		DDF9228828E7F6BC00F29C1A /* MR0x143ViewController.h */ = {isa = PBXFileReference; fileEncoding = 4; lastKnownFileType = sourcecode.c.h; path = MR0x143ViewController.h; sourceTree = "<group>"; };
		DDF9228928E7F6BC00F29C1A /* MR0x143ViewController.xib */ = {isa = PBXFileReference; fileEncoding = 4; lastKnownFileType = file.xib; path = MR0x143ViewController.xib; sourceTree = "<group>"; };
		DDF9228B28E7F6BD00F29C1A /* MR0x144VideoRenderer.h */ = {isa = PBXFileReference; fileEncoding = 4; lastKnownFileType = sourcecode.c.h; path = MR0x144VideoRenderer.h; sourceTree = "<group>"; };
		DDF9228C28E7F6BD00F29C1A /* MR0x144ViewController.m */ = {isa = PBXFileReference; fileEncoding = 4; lastKnownFileType = sourcecode.c.objc; path = MR0x144ViewController.m; sourceTree = "<group>"; };
		DDF9228D28E7F6BD00F29C1A /* MR0x144ViewController.xib */ = {isa = PBXFileReference; fileEncoding = 4; lastKnownFileType = file.xib; path = MR0x144ViewController.xib; sourceTree = "<group>"; };
		DDF9228E28E7F6BD00F29C1A /* MR0x144VideoRenderer.m */ = {isa = PBXFileReference; fileEncoding = 4; lastKnownFileType = sourcecode.c.objc; path = MR0x144VideoRenderer.m; sourceTree = "<group>"; };
		DDF9228F28E7F6BD00F29C1A /* MR0x144ViewController.h */ = {isa = PBXFileReference; fileEncoding = 4; lastKnownFileType = sourcecode.c.h; path = MR0x144ViewController.h; sourceTree = "<group>"; };
		DDF9BFF8259DC06A00B1D3EC /* MRRWeakProxy.m */ = {isa = PBXFileReference; fileEncoding = 4; lastKnownFileType = sourcecode.c.objc; path = MRRWeakProxy.m; sourceTree = "<group>"; };
		DDF9BFF9259DC06A00B1D3EC /* MRRWeakProxy.h */ = {isa = PBXFileReference; fileEncoding = 4; lastKnownFileType = sourcecode.c.h; path = MRRWeakProxy.h; sourceTree = "<group>"; };
		DDFA39A524B872DB005C6430 /* MR0x01ViewController.m */ = {isa = PBXFileReference; fileEncoding = 4; lastKnownFileType = sourcecode.c.objc; path = MR0x01ViewController.m; sourceTree = "<group>"; };
		DDFA39A624B872DB005C6430 /* MR0x01ViewController.h */ = {isa = PBXFileReference; fileEncoding = 4; lastKnownFileType = sourcecode.c.h; path = MR0x01ViewController.h; sourceTree = "<group>"; };
		F51DF2E8EB7607DA7709BDF6 /* Pods-FFmpegTutorial-iOS.debug.xcconfig */ = {isa = PBXFileReference; includeInIndex = 1; lastKnownFileType = text.xcconfig; name = "Pods-FFmpegTutorial-iOS.debug.xcconfig"; path = "Target Support Files/Pods-FFmpegTutorial-iOS/Pods-FFmpegTutorial-iOS.debug.xcconfig"; sourceTree = "<group>"; };
/* End PBXFileReference section */

/* Begin PBXFrameworksBuildPhase section */
		6003F587195388D20070C39A /* Frameworks */ = {
			isa = PBXFrameworksBuildPhase;
			buildActionMask = 2147483647;
			files = (
				6003F590195388D20070C39A /* CoreGraphics.framework in Frameworks */,
				6003F592195388D20070C39A /* UIKit.framework in Frameworks */,
				6003F58E195388D20070C39A /* Foundation.framework in Frameworks */,
				D09D3CC417BCC9F4FAEDBE9F /* Pods_FFmpegTutorial_iOS.framework in Frameworks */,
			);
			runOnlyForDeploymentPostprocessing = 0;
		};
/* End PBXFrameworksBuildPhase section */

/* Begin PBXGroup section */
		6003F581195388D10070C39A = {
			isa = PBXGroup;
			children = (
				6003F593195388D20070C39A /* FFmpegTutorial-iOS */,
				6003F58C195388D20070C39A /* Frameworks */,
				6003F58B195388D20070C39A /* Products */,
				CF60E7891F87B97CC29DD34F /* Pods */,
			);
			sourceTree = "<group>";
		};
		6003F58B195388D20070C39A /* Products */ = {
			isa = PBXGroup;
			children = (
				6003F58A195388D20070C39A /* FFmpegTutorial.app */,
			);
			name = Products;
			sourceTree = "<group>";
		};
		6003F58C195388D20070C39A /* Frameworks */ = {
			isa = PBXGroup;
			children = (
				6003F58D195388D20070C39A /* Foundation.framework */,
				6003F58F195388D20070C39A /* CoreGraphics.framework */,
				6003F591195388D20070C39A /* UIKit.framework */,
				6003F5AF195388D20070C39A /* XCTest.framework */,
				B07FE59876DF5855B63B887A /* Pods_FFmpegTutorial_iOS.framework */,
			);
			name = Frameworks;
			sourceTree = "<group>";
		};
		6003F593195388D20070C39A /* FFmpegTutorial-iOS */ = {
			isa = PBXGroup;
			children = (
				6003F59C195388D20070C39A /* MRAppDelegate.h */,
				6003F59D195388D20070C39A /* MRAppDelegate.m */,
				DD4CCBE828F1A65C0047F238 /* 1.The Basis Of AV */,
				DD4CCBE928F1A6770047F238 /* 2.Video Rendering */,
				DD4CCBEC28F1A72B0047F238 /* RootViewController */,
				DDF9224228E6EB7800F29C1A /* OpenGLAssets */,
				6003F594195388D20070C39A /* Supporting Files */,
			);
			path = "FFmpegTutorial-iOS";
			sourceTree = "<group>";
		};
		6003F594195388D20070C39A /* Supporting Files */ = {
			isa = PBXGroup;
			children = (
				DD4CCBEB28F1A6F20047F238 /* MRUtil */,
				DD4CCBEA28F1A6DF0047F238 /* NavigationController */,
				DD5BA15C248893A20093D46C /* FFmpegTutorial-iOS-Bridging-Header.h */,
				6003F5A8195388D20070C39A /* Images.xcassets */,
				71719F9D1E33DC2100824A3D /* LaunchScreen.storyboard */,
				873B8AEA1B1F5CCA007FD442 /* Main.storyboard */,
				6003F595195388D20070C39A /* FFmpegTutorial-iOS.plist */,
				6003F596195388D20070C39A /* InfoPlist.strings */,
				6003F599195388D20070C39A /* main.m */,
				6003F59B195388D20070C39A /* FFmpegTutorial-iOS.pch */,
			);
			name = "Supporting Files";
			sourceTree = "<group>";
		};
		CF60E7891F87B97CC29DD34F /* Pods */ = {
			isa = PBXGroup;
			children = (
				F51DF2E8EB7607DA7709BDF6 /* Pods-FFmpegTutorial-iOS.debug.xcconfig */,
				8AFD9C05D63093CAE7B71E20 /* Pods-FFmpegTutorial-iOS.release.xcconfig */,
			);
			path = Pods;
			sourceTree = "<group>";
		};
		DD4CCBE828F1A65C0047F238 /* 1.The Basis Of AV */ = {
			isa = PBXGroup;
			children = (
				DDFA39A424B872DB005C6430 /* 0x01 */,
				DDBFF18E28CB7F2E00AFCE44 /* 0x02 */,
				DDBFF19528CB863900AFCE44 /* 0x03 */,
				DDBFF19B28CDB93200AFCE44 /* 0x04 */,
				DDBFF1A128CDBFC000AFCE44 /* 0x05 */,
				DDBFF1A728CDC26500AFCE44 /* 0x06 */,
			);
			path = "1.The Basis Of AV";
			sourceTree = "<group>";
		};
		DD4CCBE928F1A6770047F238 /* 2.Video Rendering */ = {
			isa = PBXGroup;
			children = (
				DDBFF1AD28CDC47200AFCE44 /* 0x10 */,
				DDBFF1B328CDC7D500AFCE44 /* 0x11 */,
				DDBFF1BC28CDE09800AFCE44 /* 0x12 */,
				DDBFF1C528CDE32400AFCE44 /* 0x13 */,
				DDBFF1CE28CDE7C900AFCE44 /* 0x14 */,
				DDF9224328E6EC5500F29C1A /* 0x14-1 */,
				DDF9227E28E7F6BC00F29C1A /* 0x14-2 */,
				DDF9228428E7F6BC00F29C1A /* 0x14-3 */,
				DDF9228A28E7F6BD00F29C1A /* 0x14-4 */,
				DDF9227528E73D6400F29C1A /* 0x15-1 */,
			);
			path = "2.Video Rendering";
			sourceTree = "<group>";
		};
		DD4CCBEA28F1A6DF0047F238 /* NavigationController */ = {
			isa = PBXGroup;
			children = (
				DD2EADF4244C923600B057DE /* MRNavigationController.h */,
				DD2EADF5244C923600B057DE /* MRNavigationController.m */,
			);
			path = NavigationController;
			sourceTree = "<group>";
		};
		DD4CCBEB28F1A6F20047F238 /* MRUtil */ = {
			isa = PBXGroup;
			children = (
				DDF9BFF9259DC06A00B1D3EC /* MRRWeakProxy.h */,
				DDF9BFF8259DC06A00B1D3EC /* MRRWeakProxy.m */,
			);
			path = MRUtil;
			sourceTree = "<group>";
		};
		DD4CCBEC28F1A72B0047F238 /* RootViewController */ = {
			isa = PBXGroup;
			children = (
				DD2EADF7244C9CE500B057DE /* MRTableViewController.h */,
				DD2EADF8244C9CE500B057DE /* MRTableViewController.m */,
			);
			path = RootViewController;
			sourceTree = "<group>";
		};
		DDBFF18E28CB7F2E00AFCE44 /* 0x02 */ = {
			isa = PBXGroup;
			children = (
				DDBFF18F28CB7F2E00AFCE44 /* MR0x02ViewController.h */,
				DDBFF19028CB7F2E00AFCE44 /* MR0x02ViewController.m */,
				DDBFF19228CB802600AFCE44 /* MR0x02ViewController.xib */,
			);
			path = 0x02;
			sourceTree = "<group>";
		};
		DDBFF19528CB863900AFCE44 /* 0x03 */ = {
			isa = PBXGroup;
			children = (
				DDBFF19628CB865600AFCE44 /* MR0x03ViewController.h */,
				DDBFF19728CB865600AFCE44 /* MR0x03ViewController.m */,
				DDBFF19828CB865600AFCE44 /* MR0x03ViewController.xib */,
			);
			path = 0x03;
			sourceTree = "<group>";
		};
		DDBFF19B28CDB93200AFCE44 /* 0x04 */ = {
			isa = PBXGroup;
			children = (
				DDBFF19C28CDB93200AFCE44 /* MR0x04ViewController.h */,
				DDBFF19D28CDB93200AFCE44 /* MR0x04ViewController.m */,
				DDBFF19E28CDB93200AFCE44 /* MR0x04ViewController.xib */,
			);
			path = 0x04;
			sourceTree = "<group>";
		};
		DDBFF1A128CDBFC000AFCE44 /* 0x05 */ = {
			isa = PBXGroup;
			children = (
				DDBFF1A228CDBFC000AFCE44 /* MR0x05ViewController.h */,
				DDBFF1A328CDBFC000AFCE44 /* MR0x05ViewController.m */,
				DDBFF1A428CDBFC000AFCE44 /* MR0x05ViewController.xib */,
			);
			path = 0x05;
			sourceTree = "<group>";
		};
		DDBFF1A728CDC26500AFCE44 /* 0x06 */ = {
			isa = PBXGroup;
			children = (
				DDBFF1AA28CDC26500AFCE44 /* MR0x06ViewController.h */,
				DDBFF1A828CDC26500AFCE44 /* MR0x06ViewController.m */,
				DDBFF1A928CDC26500AFCE44 /* MR0x06ViewController.xib */,
			);
			path = 0x06;
			sourceTree = "<group>";
		};
		DDBFF1AD28CDC47200AFCE44 /* 0x10 */ = {
			isa = PBXGroup;
			children = (
				DDBFF1B028CDC47200AFCE44 /* MR0x10ViewController.h */,
				DDBFF1AF28CDC47200AFCE44 /* MR0x10ViewController.m */,
				DDBFF1AE28CDC47200AFCE44 /* MR0x10ViewController.xib */,
			);
			path = 0x10;
			sourceTree = "<group>";
		};
		DDBFF1B328CDC7D500AFCE44 /* 0x11 */ = {
			isa = PBXGroup;
			children = (
				DDBFF1B628CDC7D500AFCE44 /* MR0x11VideoRenderer.h */,
				DDBFF1B828CDC7D500AFCE44 /* MR0x11VideoRenderer.m */,
				DDBFF1B728CDC7D500AFCE44 /* MR0x11ViewController.h */,
				DDBFF1B528CDC7D500AFCE44 /* MR0x11ViewController.m */,
				DDBFF1B428CDC7D500AFCE44 /* MR0x11ViewController.xib */,
			);
			path = 0x11;
			sourceTree = "<group>";
		};
		DDBFF1BC28CDE09800AFCE44 /* 0x12 */ = {
			isa = PBXGroup;
			children = (
				DDBFF1BE28CDE09800AFCE44 /* MR0x12VideoRenderer.h */,
				DDBFF1C128CDE09800AFCE44 /* MR0x12VideoRenderer.m */,
				DDBFF1BD28CDE09800AFCE44 /* MR0x12ViewController.h */,
				DDBFF1C028CDE09800AFCE44 /* MR0x12ViewController.m */,
				DDBFF1BF28CDE09800AFCE44 /* MR0x12ViewController.xib */,
			);
			path = 0x12;
			sourceTree = "<group>";
		};
		DDBFF1C528CDE32400AFCE44 /* 0x13 */ = {
			isa = PBXGroup;
			children = (
				DDBFF1C628CDE32400AFCE44 /* MR0x13VideoRenderer.h */,
				DDBFF1C928CDE32400AFCE44 /* MR0x13VideoRenderer.m */,
				DDBFF1C828CDE32400AFCE44 /* MR0x13ViewController.h */,
				DDBFF1CA28CDE32400AFCE44 /* MR0x13ViewController.m */,
				DDBFF1C728CDE32400AFCE44 /* MR0x13ViewController.xib */,
			);
			path = 0x13;
			sourceTree = "<group>";
		};
		DDBFF1CE28CDE7C900AFCE44 /* 0x14 */ = {
			isa = PBXGroup;
			children = (
				DDBFF1CF28CDE7C900AFCE44 /* MR0x14VideoRenderer.h */,
				DDBFF1D128CDE7C900AFCE44 /* MR0x14VideoRenderer.m */,
				DDBFF1D028CDE7C900AFCE44 /* MR0x14ViewController.h */,
				DDBFF1D528CDE7C900AFCE44 /* MR0x14ViewController.m */,
				DDBFF1DA28CDE86A00AFCE44 /* MR0x14ViewController.xib */,
			);
			path = 0x14;
			sourceTree = "<group>";
		};
		DDF9224228E6EB7800F29C1A /* OpenGLAssets */ = {
			isa = PBXGroup;
			children = (
				DDF9224F28E6ECB700F29C1A /* Shaders */,
				DDF9224D28E6EC9F00F29C1A /* MR0x141OpenGLCompiler.h */,
				DDF9224C28E6EC9F00F29C1A /* MR0x141OpenGLCompiler.m */,
				DDF9223F28E6C9AC00F29C1A /* MR0x141OpenGLHelper.h */,
				DDF9224028E6C9AC00F29C1A /* MR0x141OpenGLHelper.m */,
			);
			path = OpenGLAssets;
			sourceTree = "<group>";
		};
		DDF9224328E6EC5500F29C1A /* 0x14-1 */ = {
			isa = PBXGroup;
			children = (
				DDF9224528E6EC5500F29C1A /* MR0x141VideoRenderer.h */,
				DDF9224828E6EC5500F29C1A /* MR0x141VideoRenderer.m */,
				DDF9224428E6EC5500F29C1A /* MR0x141ViewController.h */,
				DDF9224728E6EC5500F29C1A /* MR0x141ViewController.m */,
				DDF9224628E6EC5500F29C1A /* MR0x141ViewController.xib */,
			);
			path = "0x14-1";
			sourceTree = "<group>";
		};
		DDF9224F28E6ECB700F29C1A /* Shaders */ = {
			isa = PBXGroup;
			children = (
				DDF9227328E73BCA00F29C1A /* 1_sampler2D.fsh */,
				DDF9226828E7341800F29C1A /* 2_sampler2D_NV21.fsh */,
				DDF9225D28E7184700F29C1A /* 3_sampler2D.fsh */,
				DDF9225028E6ECB700F29C1A /* 2_sampler2D.fsh */,
				DDF9225128E6ECB700F29C1A /* common.vsh */,
			);
			path = Shaders;
			sourceTree = "<group>";
		};
		DDF9227528E73D6400F29C1A /* 0x15-1 */ = {
			isa = PBXGroup;
			children = (
				DDF9227628E73D6400F29C1A /* MR0x151VideoRenderer.h */,
				DDF9227928E73D6400F29C1A /* MR0x151VideoRenderer.m */,
				DDF9227828E73D6400F29C1A /* MR0x151ViewController.h */,
				DDF9227A28E73D6400F29C1A /* MR0x151ViewController.m */,
				DDF9227728E73D6400F29C1A /* MR0x151ViewController.xib */,
			);
			path = "0x15-1";
			sourceTree = "<group>";
		};
		DDF9227E28E7F6BC00F29C1A /* 0x14-2 */ = {
			isa = PBXGroup;
			children = (
				DDF9228028E7F6BC00F29C1A /* MR0x142VideoRenderer.h */,
				DDF9228128E7F6BC00F29C1A /* MR0x142VideoRenderer.m */,
				DDF9228228E7F6BC00F29C1A /* MR0x142ViewController.h */,
				DDF9227F28E7F6BC00F29C1A /* MR0x142ViewController.m */,
				DDF9228328E7F6BC00F29C1A /* MR0x142ViewController.xib */,
			);
			path = "0x14-2";
			sourceTree = "<group>";
		};
		DDF9228428E7F6BC00F29C1A /* 0x14-3 */ = {
			isa = PBXGroup;
			children = (
				DDF9228528E7F6BC00F29C1A /* MR0x143VideoRenderer.h */,
				DDF9228728E7F6BC00F29C1A /* MR0x143VideoRenderer.m */,
				DDF9228828E7F6BC00F29C1A /* MR0x143ViewController.h */,
				DDF9228628E7F6BC00F29C1A /* MR0x143ViewController.m */,
				DDF9228928E7F6BC00F29C1A /* MR0x143ViewController.xib */,
			);
			path = "0x14-3";
			sourceTree = "<group>";
		};
		DDF9228A28E7F6BD00F29C1A /* 0x14-4 */ = {
			isa = PBXGroup;
			children = (
				DDF9228B28E7F6BD00F29C1A /* MR0x144VideoRenderer.h */,
				DDF9228E28E7F6BD00F29C1A /* MR0x144VideoRenderer.m */,
				DDF9228F28E7F6BD00F29C1A /* MR0x144ViewController.h */,
				DDF9228C28E7F6BD00F29C1A /* MR0x144ViewController.m */,
				DDF9228D28E7F6BD00F29C1A /* MR0x144ViewController.xib */,
			);
			path = "0x14-4";
			sourceTree = "<group>";
		};
		DDFA39A424B872DB005C6430 /* 0x01 */ = {
			isa = PBXGroup;
			children = (
				DDFA39A624B872DB005C6430 /* MR0x01ViewController.h */,
				DDFA39A524B872DB005C6430 /* MR0x01ViewController.m */,
				DDBFF18C28CA371A00AFCE44 /* MR0x01ViewController.xib */,
			);
			path = 0x01;
			sourceTree = "<group>";
		};
/* End PBXGroup section */

/* Begin PBXNativeTarget section */
		6003F589195388D20070C39A /* FFmpegTutorial-iOS */ = {
			isa = PBXNativeTarget;
			buildConfigurationList = 6003F5BF195388D20070C39A /* Build configuration list for PBXNativeTarget "FFmpegTutorial-iOS" */;
			buildPhases = (
				DAB51AB967C109123D75BF1C /* [CP] Check Pods Manifest.lock */,
				6003F586195388D20070C39A /* Sources */,
				6003F587195388D20070C39A /* Frameworks */,
				6003F588195388D20070C39A /* Resources */,
			);
			buildRules = (
			);
			dependencies = (
			);
			name = "FFmpegTutorial-iOS";
			productName = FFmpegTutotial;
			productReference = 6003F58A195388D20070C39A /* FFmpegTutorial.app */;
			productType = "com.apple.product-type.application";
		};
/* End PBXNativeTarget section */

/* Begin PBXProject section */
		6003F582195388D10070C39A /* Project object */ = {
			isa = PBXProject;
			attributes = {
				CLASSPREFIX = MR;
				LastUpgradeCheck = 1150;
				ORGANIZATIONNAME = "Matt Reach's Awesome FFmpeg Tutotial";
				TargetAttributes = {
					6003F589195388D20070C39A = {
						DevelopmentTeam = 96C96H28CU;
						LastSwiftMigration = 1150;
					};
				};
			};
			buildConfigurationList = 6003F585195388D10070C39A /* Build configuration list for PBXProject "FFmpegTutorial-iOS" */;
			compatibilityVersion = "Xcode 3.2";
			developmentRegion = en;
			hasScannedForEncodings = 0;
			knownRegions = (
				en,
				Base,
			);
			mainGroup = 6003F581195388D10070C39A;
			productRefGroup = 6003F58B195388D20070C39A /* Products */;
			projectDirPath = "";
			projectRoot = "";
			targets = (
				6003F589195388D20070C39A /* FFmpegTutorial-iOS */,
			);
		};
/* End PBXProject section */

/* Begin PBXResourcesBuildPhase section */
		6003F588195388D20070C39A /* Resources */ = {
			isa = PBXResourcesBuildPhase;
			buildActionMask = 2147483647;
			files = (
				DDF9229528E7F6BD00F29C1A /* MR0x143ViewController.xib in Resources */,
				873B8AEB1B1F5CCA007FD442 /* Main.storyboard in Resources */,
				DDBFF19328CB802600AFCE44 /* MR0x02ViewController.xib in Resources */,
				71719F9F1E33DC2100824A3D /* LaunchScreen.storyboard in Resources */,
				DDF9229228E7F6BD00F29C1A /* MR0x142ViewController.xib in Resources */,
				DDF9226928E7341800F29C1A /* 2_sampler2D_NV21.fsh in Resources */,
				DDBFF1A028CDB93200AFCE44 /* MR0x04ViewController.xib in Resources */,
				DDBFF19A28CB865600AFCE44 /* MR0x03ViewController.xib in Resources */,
				DDBFF1B928CDC7D500AFCE44 /* MR0x11ViewController.xib in Resources */,
				DDF9227428E73BCA00F29C1A /* 1_sampler2D.fsh in Resources */,
				DDF9224928E6EC5500F29C1A /* MR0x141ViewController.xib in Resources */,
				DDBFF18D28CA371A00AFCE44 /* MR0x01ViewController.xib in Resources */,
				6003F5A9195388D20070C39A /* Images.xcassets in Resources */,
				DDBFF1C228CDE09900AFCE44 /* MR0x12ViewController.xib in Resources */,
				DDF9229728E7F6BD00F29C1A /* MR0x144ViewController.xib in Resources */,
				DDF9225228E6ECB700F29C1A /* 2_sampler2D.fsh in Resources */,
				DDBFF1AC28CDC26500AFCE44 /* MR0x06ViewController.xib in Resources */,
				DDF9225328E6ECB700F29C1A /* common.vsh in Resources */,
				DDBFF1A628CDBFC000AFCE44 /* MR0x05ViewController.xib in Resources */,
				DDBFF1B128CDC47200AFCE44 /* MR0x10ViewController.xib in Resources */,
				DDF9227B28E73D6400F29C1A /* MR0x151ViewController.xib in Resources */,
				6003F598195388D20070C39A /* InfoPlist.strings in Resources */,
				DDBFF1CB28CDE32400AFCE44 /* MR0x13ViewController.xib in Resources */,
				DDF9225E28E7184700F29C1A /* 3_sampler2D.fsh in Resources */,
				DDBFF1DB28CDE86A00AFCE44 /* MR0x14ViewController.xib in Resources */,
			);
			runOnlyForDeploymentPostprocessing = 0;
		};
/* End PBXResourcesBuildPhase section */

/* Begin PBXShellScriptBuildPhase section */
		DAB51AB967C109123D75BF1C /* [CP] Check Pods Manifest.lock */ = {
			isa = PBXShellScriptBuildPhase;
			buildActionMask = 2147483647;
			files = (
			);
			inputFileListPaths = (
			);
			inputPaths = (
				"${PODS_PODFILE_DIR_PATH}/Podfile.lock",
				"${PODS_ROOT}/Manifest.lock",
			);
			name = "[CP] Check Pods Manifest.lock";
			outputFileListPaths = (
			);
			outputPaths = (
				"$(DERIVED_FILE_DIR)/Pods-FFmpegTutorial-iOS-checkManifestLockResult.txt",
			);
			runOnlyForDeploymentPostprocessing = 0;
			shellPath = /bin/sh;
			shellScript = "diff \"${PODS_PODFILE_DIR_PATH}/Podfile.lock\" \"${PODS_ROOT}/Manifest.lock\" > /dev/null\nif [ $? != 0 ] ; then\n    # print error to STDERR\n    echo \"error: The sandbox is not in sync with the Podfile.lock. Run 'pod install' or update your CocoaPods installation.\" >&2\n    exit 1\nfi\n# This output is used by Xcode 'outputs' to avoid re-running this script phase.\necho \"SUCCESS\" > \"${SCRIPT_OUTPUT_FILE_0}\"\n";
			showEnvVarsInLog = 0;
		};
/* End PBXShellScriptBuildPhase section */

/* Begin PBXSourcesBuildPhase section */
		6003F586195388D20070C39A /* Sources */ = {
			isa = PBXSourcesBuildPhase;
			buildActionMask = 2147483647;
			files = (
				DDBFF1B228CDC47200AFCE44 /* MR0x10ViewController.m in Sources */,
				DD2EADF9244C9CE500B057DE /* MRTableViewController.m in Sources */,
				DDBFF1BB28CDC7D500AFCE44 /* MR0x11VideoRenderer.m in Sources */,
				DDF9229828E7F6BD00F29C1A /* MR0x144VideoRenderer.m in Sources */,
				DDBFF19F28CDB93200AFCE44 /* MR0x04ViewController.m in Sources */,
				DDBFF19128CB7F2E00AFCE44 /* MR0x02ViewController.m in Sources */,
				DDBFF1CC28CDE32400AFCE44 /* MR0x13VideoRenderer.m in Sources */,
				DDF9224E28E6EC9F00F29C1A /* MR0x141OpenGLCompiler.m in Sources */,
				DDF9224A28E6EC5500F29C1A /* MR0x141ViewController.m in Sources */,
				DDBFF19928CB865600AFCE44 /* MR0x03ViewController.m in Sources */,
				6003F59E195388D20070C39A /* MRAppDelegate.m in Sources */,
				DDF9229328E7F6BD00F29C1A /* MR0x143ViewController.m in Sources */,
				DDBFF1C428CDE09900AFCE44 /* MR0x12VideoRenderer.m in Sources */,
				DDF9224128E6C9AC00F29C1A /* MR0x141OpenGLHelper.m in Sources */,
				DDBFF1AB28CDC26500AFCE44 /* MR0x06ViewController.m in Sources */,
				DDF9229128E7F6BD00F29C1A /* MR0x142VideoRenderer.m in Sources */,
				DDF9224B28E6EC5500F29C1A /* MR0x141VideoRenderer.m in Sources */,
				DDBFF1A528CDBFC000AFCE44 /* MR0x05ViewController.m in Sources */,
				DDF9229628E7F6BD00F29C1A /* MR0x144ViewController.m in Sources */,
				DDF9227D28E73D6400F29C1A /* MR0x151ViewController.m in Sources */,
				DDF9229428E7F6BD00F29C1A /* MR0x143VideoRenderer.m in Sources */,
				DDBFF1CD28CDE32400AFCE44 /* MR0x13ViewController.m in Sources */,
				DDFA39DB24B872DC005C6430 /* MR0x01ViewController.m in Sources */,
				DDBFF1C328CDE09900AFCE44 /* MR0x12ViewController.m in Sources */,
				DDF9229028E7F6BD00F29C1A /* MR0x142ViewController.m in Sources */,
				DDBFF1D928CDE7C900AFCE44 /* MR0x14ViewController.m in Sources */,
				DD2EADF6244C923600B057DE /* MRNavigationController.m in Sources */,
				DDF9BFFA259DC06A00B1D3EC /* MRRWeakProxy.m in Sources */,
				6003F59A195388D20070C39A /* main.m in Sources */,
				DDBFF1D628CDE7C900AFCE44 /* MR0x14VideoRenderer.m in Sources */,
				DDF9227C28E73D6400F29C1A /* MR0x151VideoRenderer.m in Sources */,
				DDBFF1BA28CDC7D500AFCE44 /* MR0x11ViewController.m in Sources */,
			);
			runOnlyForDeploymentPostprocessing = 0;
		};
/* End PBXSourcesBuildPhase section */

/* Begin PBXVariantGroup section */
		6003F596195388D20070C39A /* InfoPlist.strings */ = {
			isa = PBXVariantGroup;
			children = (
				6003F597195388D20070C39A /* en */,
			);
			name = InfoPlist.strings;
			sourceTree = "<group>";
		};
		71719F9D1E33DC2100824A3D /* LaunchScreen.storyboard */ = {
			isa = PBXVariantGroup;
			children = (
				71719F9E1E33DC2100824A3D /* Base */,
			);
			name = LaunchScreen.storyboard;
			sourceTree = "<group>";
		};
/* End PBXVariantGroup section */

/* Begin XCBuildConfiguration section */
		6003F5BD195388D20070C39A /* Debug */ = {
			isa = XCBuildConfiguration;
			buildSettings = {
				ALWAYS_SEARCH_USER_PATHS = NO;
				CLANG_ANALYZER_LOCALIZABILITY_NONLOCALIZED = YES;
				CLANG_CXX_LANGUAGE_STANDARD = "gnu++0x";
				CLANG_CXX_LIBRARY = "libc++";
				CLANG_ENABLE_MODULES = YES;
				CLANG_ENABLE_OBJC_ARC = YES;
				CLANG_WARN_BLOCK_CAPTURE_AUTORELEASING = YES;
				CLANG_WARN_BOOL_CONVERSION = YES;
				CLANG_WARN_COMMA = YES;
				CLANG_WARN_CONSTANT_CONVERSION = YES;
				CLANG_WARN_DEPRECATED_OBJC_IMPLEMENTATIONS = YES;
				CLANG_WARN_DIRECT_OBJC_ISA_USAGE = YES_ERROR;
				CLANG_WARN_EMPTY_BODY = YES;
				CLANG_WARN_ENUM_CONVERSION = YES;
				CLANG_WARN_INFINITE_RECURSION = YES;
				CLANG_WARN_INT_CONVERSION = YES;
				CLANG_WARN_NON_LITERAL_NULL_CONVERSION = YES;
				CLANG_WARN_OBJC_IMPLICIT_RETAIN_SELF = YES;
				CLANG_WARN_OBJC_LITERAL_CONVERSION = YES;
				CLANG_WARN_OBJC_ROOT_CLASS = YES_ERROR;
				CLANG_WARN_RANGE_LOOP_ANALYSIS = YES;
				CLANG_WARN_STRICT_PROTOTYPES = YES;
				CLANG_WARN_SUSPICIOUS_MOVE = YES;
				CLANG_WARN_UNREACHABLE_CODE = YES;
				CLANG_WARN__DUPLICATE_METHOD_MATCH = YES;
				"CODE_SIGN_IDENTITY[sdk=iphoneos*]" = "iPhone Developer";
				COPY_PHASE_STRIP = NO;
				ENABLE_STRICT_OBJC_MSGSEND = YES;
				ENABLE_TESTABILITY = YES;
				GCC_C_LANGUAGE_STANDARD = gnu99;
				GCC_DYNAMIC_NO_PIC = NO;
				GCC_NO_COMMON_BLOCKS = YES;
				GCC_OPTIMIZATION_LEVEL = 0;
				GCC_PREPROCESSOR_DEFINITIONS = (
					"DEBUG=1",
					"$(inherited)",
				);
				GCC_SYMBOLS_PRIVATE_EXTERN = NO;
				GCC_WARN_64_TO_32_BIT_CONVERSION = YES;
				GCC_WARN_ABOUT_RETURN_TYPE = YES_ERROR;
				GCC_WARN_UNDECLARED_SELECTOR = YES;
				GCC_WARN_UNINITIALIZED_AUTOS = YES_AGGRESSIVE;
				GCC_WARN_UNUSED_FUNCTION = YES;
				GCC_WARN_UNUSED_VARIABLE = YES;
				IPHONEOS_DEPLOYMENT_TARGET = 9.3;
				ONLY_ACTIVE_ARCH = YES;
				SDKROOT = iphoneos;
				TARGETED_DEVICE_FAMILY = "1,2";
			};
			name = Debug;
		};
		6003F5BE195388D20070C39A /* Release */ = {
			isa = XCBuildConfiguration;
			buildSettings = {
				ALWAYS_SEARCH_USER_PATHS = NO;
				CLANG_ANALYZER_LOCALIZABILITY_NONLOCALIZED = YES;
				CLANG_CXX_LANGUAGE_STANDARD = "gnu++0x";
				CLANG_CXX_LIBRARY = "libc++";
				CLANG_ENABLE_MODULES = YES;
				CLANG_ENABLE_OBJC_ARC = YES;
				CLANG_WARN_BLOCK_CAPTURE_AUTORELEASING = YES;
				CLANG_WARN_BOOL_CONVERSION = YES;
				CLANG_WARN_COMMA = YES;
				CLANG_WARN_CONSTANT_CONVERSION = YES;
				CLANG_WARN_DEPRECATED_OBJC_IMPLEMENTATIONS = YES;
				CLANG_WARN_DIRECT_OBJC_ISA_USAGE = YES_ERROR;
				CLANG_WARN_EMPTY_BODY = YES;
				CLANG_WARN_ENUM_CONVERSION = YES;
				CLANG_WARN_INFINITE_RECURSION = YES;
				CLANG_WARN_INT_CONVERSION = YES;
				CLANG_WARN_NON_LITERAL_NULL_CONVERSION = YES;
				CLANG_WARN_OBJC_IMPLICIT_RETAIN_SELF = YES;
				CLANG_WARN_OBJC_LITERAL_CONVERSION = YES;
				CLANG_WARN_OBJC_ROOT_CLASS = YES_ERROR;
				CLANG_WARN_RANGE_LOOP_ANALYSIS = YES;
				CLANG_WARN_STRICT_PROTOTYPES = YES;
				CLANG_WARN_SUSPICIOUS_MOVE = YES;
				CLANG_WARN_UNREACHABLE_CODE = YES;
				CLANG_WARN__DUPLICATE_METHOD_MATCH = YES;
				"CODE_SIGN_IDENTITY[sdk=iphoneos*]" = "iPhone Developer";
				COPY_PHASE_STRIP = YES;
				ENABLE_NS_ASSERTIONS = NO;
				ENABLE_STRICT_OBJC_MSGSEND = YES;
				GCC_C_LANGUAGE_STANDARD = gnu99;
				GCC_NO_COMMON_BLOCKS = YES;
				GCC_WARN_64_TO_32_BIT_CONVERSION = YES;
				GCC_WARN_ABOUT_RETURN_TYPE = YES_ERROR;
				GCC_WARN_UNDECLARED_SELECTOR = YES;
				GCC_WARN_UNINITIALIZED_AUTOS = YES_AGGRESSIVE;
				GCC_WARN_UNUSED_FUNCTION = YES;
				GCC_WARN_UNUSED_VARIABLE = YES;
				IPHONEOS_DEPLOYMENT_TARGET = 9.3;
				SDKROOT = iphoneos;
				SWIFT_COMPILATION_MODE = wholemodule;
				TARGETED_DEVICE_FAMILY = "1,2";
				VALIDATE_PRODUCT = YES;
			};
			name = Release;
		};
		6003F5C0195388D20070C39A /* Debug */ = {
			isa = XCBuildConfiguration;
			baseConfigurationReference = F51DF2E8EB7607DA7709BDF6 /* Pods-FFmpegTutorial-iOS.debug.xcconfig */;
			buildSettings = {
				ASSETCATALOG_COMPILER_APPICON_NAME = AppIcon;
				CLANG_ENABLE_MODULES = YES;
				DEVELOPMENT_TEAM = 96C96H28CU;
				GCC_PRECOMPILE_PREFIX_HEADER = YES;
				GCC_PREFIX_HEADER = "FFmpegTutorial-iOS/FFmpegTutorial-iOS.pch";
				INFOPLIST_FILE = "$(SRCROOT)/FFmpegTutorial-iOS/FFmpegTutorial-iOS.plist";
				LD_RUNPATH_SEARCH_PATHS = "$(inherited) @executable_path/Frameworks";
				MARKETING_VERSION = 2.0;
				MODULE_NAME = ExampleApp;
				PRODUCT_BUNDLE_IDENTIFIER = cn.debugly.FFmpegTutorial.1;
				PRODUCT_NAME = FFmpegTutorial;
				SWIFT_OBJC_BRIDGING_HEADER = "FFmpegTutorial-iOS/FFmpegTutorial-iOS-Bridging-Header.h";
				SWIFT_OPTIMIZATION_LEVEL = "-Onone";
				SWIFT_VERSION = 4.0;
				VALID_ARCHS = "arm64 x86_64";
				WRAPPER_EXTENSION = app;
			};
			name = Debug;
		};
		6003F5C1195388D20070C39A /* Release */ = {
			isa = XCBuildConfiguration;
			baseConfigurationReference = 8AFD9C05D63093CAE7B71E20 /* Pods-FFmpegTutorial-iOS.release.xcconfig */;
			buildSettings = {
				ASSETCATALOG_COMPILER_APPICON_NAME = AppIcon;
				CLANG_ENABLE_MODULES = YES;
				DEVELOPMENT_TEAM = 96C96H28CU;
				GCC_PRECOMPILE_PREFIX_HEADER = YES;
				GCC_PREFIX_HEADER = "FFmpegTutorial-iOS/FFmpegTutorial-iOS.pch";
				INFOPLIST_FILE = "$(SRCROOT)/FFmpegTutorial-iOS/FFmpegTutorial-iOS.plist";
				LD_RUNPATH_SEARCH_PATHS = "$(inherited) @executable_path/Frameworks";
				MARKETING_VERSION = 2.0;
				MODULE_NAME = ExampleApp;
				PRODUCT_BUNDLE_IDENTIFIER = cn.debugly.FFmpegTutorial.1;
				PRODUCT_NAME = FFmpegTutorial;
				SWIFT_OBJC_BRIDGING_HEADER = "FFmpegTutorial-iOS/FFmpegTutorial-iOS-Bridging-Header.h";
				SWIFT_VERSION = 4.0;
				VALID_ARCHS = "arm64 x86_64";
				WRAPPER_EXTENSION = app;
			};
			name = Release;
		};
/* End XCBuildConfiguration section */

/* Begin XCConfigurationList section */
		6003F585195388D10070C39A /* Build configuration list for PBXProject "FFmpegTutorial-iOS" */ = {
			isa = XCConfigurationList;
			buildConfigurations = (
				6003F5BD195388D20070C39A /* Debug */,
				6003F5BE195388D20070C39A /* Release */,
			);
			defaultConfigurationIsVisible = 0;
			defaultConfigurationName = Release;
		};
		6003F5BF195388D20070C39A /* Build configuration list for PBXNativeTarget "FFmpegTutorial-iOS" */ = {
			isa = XCConfigurationList;
			buildConfigurations = (
				6003F5C0195388D20070C39A /* Debug */,
				6003F5C1195388D20070C39A /* Release */,
			);
			defaultConfigurationIsVisible = 0;
			defaultConfigurationName = Release;
		};
/* End XCConfigurationList section */
	};
	rootObject = 6003F582195388D10070C39A /* Project object */;
}
