PODS:
  - FFmpegTutorial (0.4.0):
    - FFmpegTutorial/0x01 (= 0.4.0)
    - FFmpegTutorial/0x02 (= 0.4.0)
    - FFmpegTutorial/0x03 (= 0.4.0)
    - FFmpegTutorial/0x04 (= 0.4.0)
    - FFmpegTutorial/0x05 (= 0.4.0)
    - FFmpegTutorial/0x06 (= 0.4.0)
    - FFmpegTutorial/0x10 (= 0.4.0)
    - FFmpegTutorial/0x11 (= 0.4.0)
    - FFmpegTutorial/0x12 (= 0.4.0)
    - FFmpegTutorial/0x13 (= 0.4.0)
    - FFmpegTutorial/0x14 (= 0.4.0)
    - FFmpegTutorial/0x15 (= 0.4.0)
    - FFmpegTutorial/0x20 (= 0.4.0)
    - FFmpegTutorial/0x21 (= 0.4.0)
    - FFmpegTutorial/0x22 (= 0.4.0)
    - FFmpegTutorial/0x30 (= 0.4.0)
    - FFmpegTutorial/0x31 (= 0.4.0)
    - FFmpegTutorial/0x32 (= 0.4.0)
    - FFmpegTutorial/common (= 0.4.0)
    - MRFFmpegPod
  - FFmpegTutorial/0x01 (0.4.0):
    - MRFFmpegPod
  - FFmpegTutorial/0x02 (0.4.0):
    - MRFFmpegPod
  - FFmpegTutorial/0x03 (0.4.0):
    - MRFFmpegPod
  - FFmpegTutorial/0x04 (0.4.0):
    - MRFFmpegPod
  - FFmpegTutorial/0x05 (0.4.0):
    - MRFFmpegPod
  - FFmpegTutorial/0x06 (0.4.0):
    - MRFFmpegPod
  - FFmpegTutorial/0x10 (0.4.0):
    - MRFFmpegPod
  - FFmpegTutorial/0x11 (0.4.0):
    - MRFFmpegPod
  - FFmpegTutorial/0x12 (0.4.0):
    - MRFFmpegPod
  - FFmpegTutorial/0x13 (0.4.0):
    - MRFFmpegPod
  - FFmpegTutorial/0x14 (0.4.0):
    - MRFFmpegPod
  - FFmpegTutorial/0x15 (0.4.0):
    - MRFFmpegPod
  - FFmpegTutorial/0x20 (0.4.0):
    - MRFFmpegPod
  - FFmpegTutorial/0x21 (0.4.0):
    - MRFFmpegPod
  - FFmpegTutorial/0x22 (0.4.0):
    - MRFFmpegPod
  - FFmpegTutorial/0x30 (0.4.0):
    - MRFFmpegPod
  - FFmpegTutorial/0x31 (0.4.0):
    - MRFFmpegPod
  - FFmpegTutorial/0x32 (0.4.0):
    - MRFFmpegPod
  - FFmpegTutorial/common (0.4.0):
    - MRFFmpegPod
  - MRFFmpegPod (4.3):
    - MRFFmpegPod/libavcodec (= 4.3)
    - MRFFmpegPod/libavdevice (= 4.3)
    - MRFFmpegPod/libavfilter (= 4.3)
    - MRFFmpegPod/libavformat (= 4.3)
    - MRFFmpegPod/libavutil (= 4.3)
    - MRFFmpegPod/libswresample (= 4.3)
    - MRFFmpegPod/libswscale (= 4.3)
  - MRFFmpegPod/libavcodec (4.3)
  - MRFFmpegPod/libavdevice (4.3)
  - MRFFmpegPod/libavfilter (4.3)
  - MRFFmpegPod/libavformat (4.3)
  - MRFFmpegPod/libavutil (4.3)
  - MRFFmpegPod/libswresample (4.3)
  - MRFFmpegPod/libswscale (4.3)
  - MROpenSSLPod (1.1.1h)

DEPENDENCIES:
  - FFmpegTutorial (from `../../`)
  - MRFFmpegPod (from `https://ifoxdev.hd.sohu.com/ffpods/MRFFmpeg4.3.podspec`)
  - MROpenSSLPod (from `https://ifoxdev.hd.sohu.com/ffpods/MROpenSSL1.1.1h.podspec`)

EXTERNAL SOURCES:
  FFmpegTutorial:
    :path: "../../"
  MRFFmpegPod:
    :podspec: https://ifoxdev.hd.sohu.com/ffpods/MRFFmpeg4.3.podspec
  MROpenSSLPod:
    :podspec: https://ifoxdev.hd.sohu.com/ffpods/MROpenSSL1.1.1h.podspec

SPEC CHECKSUMS:
  FFmpegTutorial: e08434cd1ea8ddb81dcfbe7dce39f85e38fa06be
  MRFFmpegPod: 30943db3429fd840e0121eaad251f0b5d0fdc4e5
  MROpenSSLPod: d8ba147324b0ff04c2588440e9c0b43deffa943d

PODFILE CHECKSUM: 3e700a30ac8b93fbfa71a127f63f33d4d66d9485

COCOAPODS: 1.10.0
